dependencies:
  '@hydre/doubt': 1.6.0
  backoff-rxjs: 6.3.3_rxjs@6.5.4
  debug: 4.1.1
  fetch-cookie: 0.8.0
  graphql-request: 1.8.2
  node-fetch: 2.6.0
  rxjs: 6.5.4
lockfileVersion: 5.1
packages:
  /@hydre/doubt/1.6.0:
    dependencies:
      callsites: 3.1.0
      colors: 1.4.0
      fast-deep-equal: 3.1.1
      glob: 7.1.6
    dev: false
    hasBin: true
    resolution:
      integrity: sha512-D0fRBcumpTwmxIvPKT3xYottHrD5JyKVK+S+KcBGtf0B/IjtXpIDghKZ9IkL7SGf2KJR+no5E7HiZNHCArkW1Q==
  /backoff-rxjs/6.3.3_rxjs@6.5.4:
    dependencies:
      rxjs: 6.5.4
    dev: false
    peerDependencies:
      rxjs: ^6.4.0
    resolution:
      integrity: sha512-+NfPlA9GYB+6gFk7wDTsUMUecqHLmikt/yfUmddPPUNT9DzmU/p31CTsZT4b3S2g46q87fP34gwPJsZ66Eyedg==
  /balanced-match/1.0.0:
    dev: false
    resolution:
      integrity: sha1-ibTRmasr7kneFk6gK4nORi1xt2c=
  /brace-expansion/1.1.11:
    dependencies:
      balanced-match: 1.0.0
      concat-map: 0.0.1
    dev: false
    resolution:
      integrity: sha512-iCuPHDFgrHX7H2vEI/5xpz07zSHB00TpugqhmYtVmMO6518mCuRMoOYFldEBl0g187ufozdaHgWKcYFb61qGiA==
  /callsites/3.1.0:
    dev: false
    engines:
      node: '>=6'
    resolution:
      integrity: sha512-P8BjAsXvZS+VIDUI11hHCQEv74YT67YUi5JJFNWIqL235sBmjX4+qx9Muvls5ivyNENctx46xQLQ3aTuE7ssaQ==
  /colors/1.4.0:
    dev: false
    engines:
      node: '>=0.1.90'
    resolution:
      integrity: sha512-a+UqTh4kgZg/SlGvfbzDHpgRu7AAQOmmqRHJnxhRZICKFUT91brVhNNt58CMWU9PsBbv3PDCZUHbVxuDiH2mtA==
  /concat-map/0.0.1:
    dev: false
    resolution:
      integrity: sha1-2Klr13/Wjfd5OnMDajug1UBdR3s=
  /cross-fetch/2.2.2:
    dependencies:
      node-fetch: 2.1.2
      whatwg-fetch: 2.0.4
    dev: false
    resolution:
      integrity: sha1-pH/09/xxLauo9qaVoRyUhEDUVyM=
  /debug/4.1.1:
    dependencies:
      ms: 2.1.2
    dev: false
    resolution:
      integrity: sha512-pYAIzeRo8J6KPEaJ0VWOh5Pzkbw/RetuzehGM7QRRX5he4fPHx2rdKMB256ehJCkX+XRQm16eZLqLNS8RSZXZw==
  /fast-deep-equal/3.1.1:
    dev: false
    resolution:
      integrity: sha512-8UEa58QDLauDNfpbrX55Q9jrGHThw2ZMdOky5Gl1CDtVeJDPVrG4Jxx1N8jw2gkWaff5UUuX1KJd+9zGe2B+ZA==
  /fetch-cookie/0.8.0:
    dependencies:
      tough-cookie: 4.0.0
    dev: false
    engines:
      node: '>=8'
    resolution:
      integrity: sha512-3EzzY298LQL2Iau5VvmnbOXw1/gvAHD/Jm4wDCUn0RFrEijp+1RoJkeKmAyi2oXC32374p7cPBI+QmmD9hg+Xg==
  /fs.realpath/1.0.0:
    dev: false
    resolution:
      integrity: sha1-FQStJSMVjKpA20onh8sBQRmU6k8=
  /glob/7.1.6:
    dependencies:
      fs.realpath: 1.0.0
      inflight: 1.0.6
      inherits: 2.0.4
      minimatch: 3.0.4
      once: 1.4.0
      path-is-absolute: 1.0.1
    dev: false
    resolution:
      integrity: sha512-LwaxwyZ72Lk7vZINtNNrywX0ZuLyStrdDtabefZKAY5ZGJhVtgdznluResxNmPitE0SAO+O26sWTHeKSI2wMBA==
  /graphql-request/1.8.2:
    dependencies:
      cross-fetch: 2.2.2
    dev: false
    resolution:
      integrity: sha512-dDX2M+VMsxXFCmUX0Vo0TopIZIX4ggzOtiCsThgtrKR4niiaagsGTDIHj3fsOMFETpa064vzovI+4YV4QnMbcg==
  /inflight/1.0.6:
    dependencies:
      once: 1.4.0
      wrappy: 1.0.2
    dev: false
    resolution:
      integrity: sha1-Sb1jMdfQLQwJvJEKEHW6gWW1bfk=
  /inherits/2.0.4:
    dev: false
    resolution:
      integrity: sha512-k/vGaX4/Yla3WzyMCvTQOXYeIHvqOKtnqBduzTHpzpQZzAskKMhZ2K+EnBiSM9zGSoIFeMpXKxa4dYeZIQqewQ==
  /minimatch/3.0.4:
    dependencies:
      brace-expansion: 1.1.11
    dev: false
    resolution:
      integrity: sha512-yJHVQEhyqPLUTgt9B83PXu6W3rx4MvvHvSUvToogpwoGDOUQ+yDrR0HRot+yOCdCO7u4hX3pWft6kWBBcqh0UA==
  /ms/2.1.2:
    dev: false
    resolution:
      integrity: sha512-sGkPx+VjMtmA6MX27oA4FBFELFCZZ4S4XqeGOXCv68tT+jb3vk/RyaKWP0PTKyWtmLSM0b+adUTEvbs1PEaH2w==
  /node-fetch/2.1.2:
    dev: false
    engines:
      node: 4.x || >=6.0.0
    resolution:
      integrity: sha1-q4hOjn5X44qUR1POxwb3iNF2i7U=
  /node-fetch/2.6.0:
    dev: false
    engines:
      node: 4.x || >=6.0.0
    resolution:
      integrity: sha512-8dG4H5ujfvFiqDmVu9fQ5bOHUC15JMjMY/Zumv26oOvvVJjM67KF8koCWIabKQ1GJIa9r2mMZscBq/TbdOcmNA==
  /once/1.4.0:
    dependencies:
      wrappy: 1.0.2
    dev: false
    resolution:
      integrity: sha1-WDsap3WWHUsROsF9nFC6753Xa9E=
  /path-is-absolute/1.0.1:
    dev: false
    engines:
      node: '>=0.10.0'
    resolution:
      integrity: sha1-F0uSaHNVNP+8es5r9TpanhtcX18=
  /psl/1.8.0:
    dev: false
    resolution:
      integrity: sha512-RIdOzyoavK+hA18OGGWDqUTsCLhtA7IcZ/6NCs4fFJaHBDab+pDDmDIByWFRQJq2Cd7r1OoQxBGKOaztq+hjIQ==
  /punycode/2.1.1:
    dev: false
    engines:
      node: '>=6'
    resolution:
      integrity: sha512-XRsRjdf+j5ml+y/6GKHPZbrF/8p2Yga0JPtdqTIY2Xe5ohJPD9saDJJLPvp9+NSBprVvevdXZybnj2cv8OEd0A==
  /rxjs/6.5.4:
    dependencies:
      tslib: 1.11.1
    dev: false
    engines:
      npm: '>=2.0.0'
    resolution:
      integrity: sha512-naMQXcgEo3csAEGvw/NydRA0fuS2nDZJiw1YUWFKU7aPPAPGZEsD4Iimit96qwCieH6y614MCLYwdkrWx7z/7Q==
  /tough-cookie/4.0.0:
    dependencies:
      psl: 1.8.0
      punycode: 2.1.1
      universalify: 0.1.2
    dev: false
    engines:
      node: '>=6'
    resolution:
      integrity: sha512-tHdtEpQCMrc1YLrMaqXXcj6AxhYi/xgit6mZu1+EDWUn+qhUf8wMQoFIy9NXuq23zAwtcB0t/MjACGR18pcRbg==
  /tslib/1.11.1:
    dev: false
    resolution:
      integrity: sha512-aZW88SY8kQbU7gpV19lN24LtXh/yD4ZZg6qieAJDDg+YBsJcSmLGK9QpnUjAKVG/xefmvJGd1WUmfpT/g6AJGA==
  /universalify/0.1.2:
    dev: false
    engines:
      node: '>= 4.0.0'
    resolution:
      integrity: sha512-rBJeI5CXAlmy1pV+617WB9J63U6XcazHHF2f2dbJix4XzpUF0RS3Zbj0FGIOCAva5P/d/GBOYaACQ1w+0azUkg==
  /whatwg-fetch/2.0.4:
    dev: false
    resolution:
      integrity: sha512-dcQ1GWpOD/eEQ97k66aiEVpNnapVj90/+R+SXTPYGHpYBBypfKJEQjLrvMZ7YXbKm21gXd4NcuxUTjiv1YtLng==
  /wrappy/1.0.2:
    dev: false
    resolution:
      integrity: sha1-tSQ9jz7BqjXxNkYFvA0QNuMKtp8=
specifiers:
  '@hydre/doubt': ^1.6.0
  backoff-rxjs: ^6.3.3
  debug: ^4.1.1
  fetch-cookie: ^0.8.0
  graphql-request: ^1.8.2
  node-fetch: ^2.6.0
  rxjs: ^6.5.4
