dependencies:
  '@hydre/rgraph': 2.0.2
  debug: 4.1.1
  redis: 3.0.2
  rxjs: 6.5.5
lockfileVersion: 5.1
packages:
  /@hydre/rgraph/2.0.2:
    dependencies:
      debug: 4.1.1
      redis: 3.0.2
      rxjs: 6.5.4
    dev: false
    resolution:
      integrity: sha512-pk/OM9cblbkaaXge+WcS2Ok+UQsEkX0mU9/Im9B3G64O2q9j1jN0tikJqN6MAV2XUNrUWAYHN9S1hrh1Sdljyw==
  /debug/4.1.1:
    dependencies:
      ms: 2.1.2
    dev: false
    resolution:
      integrity: sha512-pYAIzeRo8J6KPEaJ0VWOh5Pzkbw/RetuzehGM7QRRX5he4fPHx2rdKMB256ehJCkX+XRQm16eZLqLNS8RSZXZw==
  /denque/1.4.1:
    dev: false
    engines:
      node: '>=0.10'
    resolution:
      integrity: sha512-OfzPuSZKGcgr96rf1oODnfjqBFmr1DVoc/TrItj3Ohe0Ah1C5WX5Baquw/9U9KovnQ88EqmJbD66rKYUQYN1tQ==
  /ms/2.1.2:
    dev: false
    resolution:
      integrity: sha512-sGkPx+VjMtmA6MX27oA4FBFELFCZZ4S4XqeGOXCv68tT+jb3vk/RyaKWP0PTKyWtmLSM0b+adUTEvbs1PEaH2w==
  /redis-commands/1.5.0:
    dev: false
    resolution:
      integrity: sha512-6KxamqpZ468MeQC3bkWmCB1fp56XL64D4Kf0zJSwDZbVLLm7KFkoIcHrgRvQ+sk8dnhySs7+yBg94yIkAK7aJg==
  /redis-errors/1.2.0:
    dev: false
    engines:
      node: '>=4'
    resolution:
      integrity: sha1-62LSrbFeTq9GEMBK/hUpOEJQq60=
  /redis-parser/3.0.0:
    dependencies:
      redis-errors: 1.2.0
    dev: false
    engines:
      node: '>=4'
    resolution:
      integrity: sha1-tm2CjNyv5rS4pCin3vTGvKwxyLQ=
  /redis/3.0.2:
    dependencies:
      denque: 1.4.1
      redis-commands: 1.5.0
      redis-errors: 1.2.0
      redis-parser: 3.0.0
    dev: false
    engines:
      node: '>=6'
    resolution:
      integrity: sha512-PNhLCrjU6vKVuMOyFu7oSP296mwBkcE6lrAjruBYG5LgdSqtRBoVQIylrMyVZD/lkF24RSNNatzvYag6HRBHjQ==
  /rxjs/6.5.4:
    dependencies:
      tslib: 1.11.1
    dev: false
    engines:
      npm: '>=2.0.0'
    resolution:
      integrity: sha512-naMQXcgEo3csAEGvw/NydRA0fuS2nDZJiw1YUWFKU7aPPAPGZEsD4Iimit96qwCieH6y614MCLYwdkrWx7z/7Q==
  /rxjs/6.5.5:
    dependencies:
      tslib: 1.11.1
    dev: false
    engines:
      npm: '>=2.0.0'
    resolution:
      integrity: sha512-WfQI+1gohdf0Dai/Bbmk5L5ItH5tYqm3ki2c5GdWhKjalzjg93N3avFjVStyZZz+A2Em+ZxKH5bNghw9UeylGQ==
  /tslib/1.11.1:
    dev: false
    resolution:
      integrity: sha512-aZW88SY8kQbU7gpV19lN24LtXh/yD4ZZg6qieAJDDg+YBsJcSmLGK9QpnUjAKVG/xefmvJGd1WUmfpT/g6AJGA==
specifiers:
  '@hydre/rgraph': ^2.0.2
  debug: ^4.1.1
  redis: ^3.0.2
  rxjs: ^6.5.5
