dependencies:
  '@hydre/auth-core': 'link:../auth-core'
  '@hydre/datas-mongo': 'link:../datas-mongo'
  '@hydre/datas-neo4j': 'link:../datas-neo4j'
  '@hydre/datas-redisgraph': 'link:../datas-redisgraph'
  '@koa/cors': 3.0.0
  apollo-server-koa: 2.10.1
  debug: 4.1.1
  koa: 2.11.0
lockfileVersion: 5.1
packages:
  /@apollo/protobufjs/1.0.3:
    dependencies:
      '@protobufjs/aspromise': 1.1.2
      '@protobufjs/base64': 1.1.2
      '@protobufjs/codegen': 2.0.4
      '@protobufjs/eventemitter': 1.1.0
      '@protobufjs/fetch': 1.1.0
      '@protobufjs/float': 1.0.2
      '@protobufjs/inquire': 1.1.0
      '@protobufjs/path': 1.1.2
      '@protobufjs/pool': 1.1.0
      '@protobufjs/utf8': 1.1.0
      '@types/long': 4.0.1
      '@types/node': 10.17.16
      long: 4.0.0
    dev: false
    hasBin: true
    requiresBuild: true
    resolution:
      integrity: sha512-gqeT810Ect9WIqsrgfUvr+ljSB5m1PyBae9HGdrRyQ3HjHjTcjVvxpsMYXlUk4rUHnrfUqyoGvLSy2yLlRGEOw==
  /@apollographql/apollo-tools/0.4.3:
    dependencies:
      apollo-env: 0.6.1
    dev: false
    engines:
      node: '>=8'
      npm: '>=6'
    resolution:
      integrity: sha512-CtC1bmohB1owdGMT2ZZKacI94LcPAZDN2WvCe+4ZXT5d7xO5PHOAb70EP/LcFbvnS8QI+pkYRSCGFQnUcv9efg==
  /@apollographql/graphql-playground-html/1.6.24:
    dev: false
    resolution:
      integrity: sha512-8GqG48m1XqyXh4mIZrtB5xOhUwSsh1WsrrsaZQOEYYql3YN9DEu9OOSg0ILzXHZo/h2Q74777YE4YzlArQzQEQ==
  /@koa/cors/2.2.3:
    dependencies:
      vary: 1.1.2
    dev: false
    engines:
      node: '>= 6.0.0'
    resolution:
      integrity: sha512-tCVVXa39ETsit5kGBtEWWimjLn1sDaeu8+0phgb8kT3GmBDZOykkI3ZO8nMjV2p3MGkJI4K5P+bxR8Ztq0bwsA==
  /@koa/cors/3.0.0:
    dependencies:
      vary: 1.1.2
    dev: false
    engines:
      node: '>= 8.0.0'
    resolution:
      integrity: sha512-hDp+cXj6vTYSwHRJfiSpnf5dTMv3FmqNKh1or9BPJk4SHOviHnK9GoL9dT0ypt/E+hlkRkZ9edHylcosW3Ghrw==
  /@protobufjs/aspromise/1.1.2:
    dev: false
    resolution:
      integrity: sha1-m4sMxmPWaafY9vXQiToU00jzD78=
  /@protobufjs/base64/1.1.2:
    dev: false
    resolution:
      integrity: sha512-AZkcAA5vnN/v4PDqKyMR5lx7hZttPDgClv83E//FMNhR2TMcLUhfRUBHCmSl0oi9zMgDDqRUJkSxO3wm85+XLg==
  /@protobufjs/codegen/2.0.4:
    dev: false
    resolution:
      integrity: sha512-YyFaikqM5sH0ziFZCN3xDC7zeGaB/d0IUb9CATugHWbd1FRFwWwt4ld4OYMPWu5a3Xe01mGAULCdqhMlPl29Jg==
  /@protobufjs/eventemitter/1.1.0:
    dev: false
    resolution:
      integrity: sha1-NVy8mLr61ZePntCV85diHx0Ga3A=
  /@protobufjs/fetch/1.1.0:
    dependencies:
      '@protobufjs/aspromise': 1.1.2
      '@protobufjs/inquire': 1.1.0
    dev: false
    resolution:
      integrity: sha1-upn7WYYUr2VwDBYZ/wbUVLDYTEU=
  /@protobufjs/float/1.0.2:
    dev: false
    resolution:
      integrity: sha1-Xp4avctz/Ap8uLKR33jIy9l7h9E=
  /@protobufjs/inquire/1.1.0:
    dev: false
    resolution:
      integrity: sha1-/yAOPnzyQp4tyvwRQIKOjMY48Ik=
  /@protobufjs/path/1.1.2:
    dev: false
    resolution:
      integrity: sha1-bMKyDFya1q0NzP0hynZz2Nf79o0=
  /@protobufjs/pool/1.1.0:
    dev: false
    resolution:
      integrity: sha1-Cf0V8tbTq/qbZbw2ZQbWrXhG/1Q=
  /@protobufjs/utf8/1.1.0:
    dev: false
    resolution:
      integrity: sha1-p3c2C1s5oaLlEG+OhY8v0tBgxXA=
  /@types/accepts/1.3.5:
    dependencies:
      '@types/node': 13.7.4
    dev: false
    resolution:
      integrity: sha512-jOdnI/3qTpHABjM5cx1Hc0sKsPoYCp+DP/GJRGtDlPd7fiV9oXGGIcjW/ZOxLIvjGz8MA+uMZI9metHlgqbgwQ==
  /@types/body-parser/1.19.0:
    dependencies:
      '@types/connect': 3.4.33
      '@types/node': 13.7.4
    dev: false
    resolution:
      integrity: sha512-W98JrE0j2K78swW4ukqMleo8R7h/pFETjM2DQ90MF6XK2i4LO4W3gQ71Lt4w3bfm2EvVSyWHplECvB5sK22yFQ==
  /@types/connect/3.4.33:
    dependencies:
      '@types/node': 13.7.4
    dev: false
    resolution:
      integrity: sha512-2+FrkXY4zllzTNfJth7jOqEHC+enpLeGslEhpnTAkg21GkRrWV4SsAtqchtT4YS9/nODBU2/ZfsBY2X4J/dX7A==
  /@types/cookies/0.7.4:
    dependencies:
      '@types/connect': 3.4.33
      '@types/express': 4.17.2
      '@types/keygrip': 1.0.2
      '@types/node': 13.7.4
    dev: false
    resolution:
      integrity: sha512-oTGtMzZZAVuEjTwCjIh8T8FrC8n/uwy+PG0yTvQcdZ7etoel7C7/3MSd7qrukENTgQtotG7gvBlBojuVs7X5rw==
  /@types/cors/2.8.6:
    dependencies:
      '@types/express': 4.17.2
    dev: false
    resolution:
      integrity: sha512-invOmosX0DqbpA+cE2yoHGUlF/blyf7nB0OGYBBiH27crcVm5NmFaZkLP4Ta1hGaesckCi5lVLlydNJCxkTOSg==
  /@types/express-serve-static-core/4.17.2:
    dependencies:
      '@types/node': 13.7.4
      '@types/range-parser': 1.2.3
    dev: false
    resolution:
      integrity: sha512-El9yMpctM6tORDAiBwZVLMcxoTMcqqRO9dVyYcn7ycLWbvR8klrDn8CAOwRfZujZtWD7yS/mshTdz43jMOejbg==
  /@types/express/4.17.2:
    dependencies:
      '@types/body-parser': 1.19.0
      '@types/express-serve-static-core': 4.17.2
      '@types/serve-static': 1.13.3
    dev: false
    resolution:
      integrity: sha512-5mHFNyavtLoJmnusB8OKJ5bshSzw+qkMIBAobLrIM48HJvunFva9mOa6aBwh64lBFyNwBbs0xiEFuj4eU/NjCA==
  /@types/fs-capacitor/2.0.0:
    dependencies:
      '@types/node': 13.7.4
    dev: false
    resolution:
      integrity: sha512-FKVPOCFbhCvZxpVAMhdBdTfVfXUpsh15wFHgqOKxh9N9vzWZVuWCSijZ5T4U34XYNnuj2oduh6xcs1i+LPI+BQ==
  /@types/graphql-upload/8.0.3:
    dependencies:
      '@types/express': 4.17.2
      '@types/fs-capacitor': 2.0.0
      '@types/koa': 2.11.1
      graphql: 14.6.0
    dev: false
    resolution:
      integrity: sha512-hmLg9pCU/GmxBscg8GCr1vmSoEmbItNNxdD5YH2TJkXm//8atjwuprB+xJBK714JG1dkxbbhp5RHX+Pz1KsCMA==
  /@types/http-assert/1.5.1:
    dev: false
    resolution:
      integrity: sha512-PGAK759pxyfXE78NbKxyfRcWYA/KwW17X290cNev/qAsn9eQIxkH4shoNBafH37wewhDG/0p1cHPbK6+SzZjWQ==
  /@types/keygrip/1.0.2:
    dev: false
    resolution:
      integrity: sha512-GJhpTepz2udxGexqos8wgaBx4I/zWIDPh/KOGEwAqtuGDkOUJu5eFvwmdBX4AmB8Odsr+9pHCQqiAqDL/yKMKw==
  /@types/koa-bodyparser/4.3.0:
    dependencies:
      '@types/koa': 2.11.1
    dev: false
    resolution:
      integrity: sha512-aB/vwwq4G9FAtKzqZ2p8UHTscXxZvICFKVjuckqxCtkX1Ro7F5KHkTCUqTRZFBgDoEkmeca+bFLI1bIsdPPZTA==
  /@types/koa-compose/3.2.5:
    dependencies:
      '@types/koa': 2.11.1
    dev: false
    resolution:
      integrity: sha512-B8nG/OoE1ORZqCkBVsup/AKcvjdgoHnfi4pZMn5UwAPCbhk/96xyv284eBYW8JlQbQ7zDmnpFr68I/40mFoIBQ==
  /@types/koa/2.11.1:
    dependencies:
      '@types/accepts': 1.3.5
      '@types/cookies': 0.7.4
      '@types/http-assert': 1.5.1
      '@types/keygrip': 1.0.2
      '@types/koa-compose': 3.2.5
      '@types/node': 13.7.4
    dev: false
    resolution:
      integrity: sha512-/kqQs+8Qd9GL0cdl39HEhK91k7xq6+Zci76RUdqtTLj1Mg1aVG7zwJm3snkeyFUeAvY8noY27eMXgqg1wHZgwA==
  /@types/koa__cors/2.2.3:
    dependencies:
      '@types/koa': 2.11.1
    dev: false
    resolution:
      integrity: sha512-RfG2EuSc+nv/E+xbDSLW8KCoeri/3AkqwVPuENfF/DctllRoXhooboO//Sw7yFtkLvj7nG7O1H3JcZmoTQz8nQ==
  /@types/long/4.0.1:
    dev: false
    resolution:
      integrity: sha512-5tXH6Bx/kNGd3MgffdmP4dy2Z+G4eaXw0SE81Tq3BNadtnMR5/ySMzX4SLEzHJzSmPNn4HIdpQsBvXMUykr58w==
  /@types/mime/2.0.1:
    dev: false
    resolution:
      integrity: sha512-FwI9gX75FgVBJ7ywgnq/P7tw+/o1GUbtP0KzbtusLigAOgIgNISRK0ZPl4qertvXSIE8YbsVJueQ90cDt9YYyw==
  /@types/node-fetch/2.5.4:
    dependencies:
      '@types/node': 13.7.4
    dev: false
    resolution:
      integrity: sha512-Oz6id++2qAOFuOlE1j0ouk1dzl3mmI1+qINPNBhi9nt/gVOz0G+13Ao6qjhdF0Ys+eOkhu6JnFmt38bR3H0POQ==
  /@types/node/10.17.16:
    dev: false
    resolution:
      integrity: sha512-A4283YSA1OmnIivcpy/4nN86YlnKRiQp8PYwI2KdPCONEBN093QTb0gCtERtkLyVNGKKIGazTZ2nAmVzQU51zA==
  /@types/node/13.7.4:
    dev: false
    resolution:
      integrity: sha512-oVeL12C6gQS/GAExndigSaLxTrKpQPxewx9bOcwfvJiJge4rr7wNaph4J+ns5hrmIV2as5qxqN8YKthn9qh0jw==
  /@types/range-parser/1.2.3:
    dev: false
    resolution:
      integrity: sha512-ewFXqrQHlFsgc09MK5jP5iR7vumV/BYayNC6PgJO2LPe8vrnNFyjQjSppfEngITi0qvfKtzFvgKymGheFM9UOA==
  /@types/serve-static/1.13.3:
    dependencies:
      '@types/express-serve-static-core': 4.17.2
      '@types/mime': 2.0.1
    dev: false
    resolution:
      integrity: sha512-oprSwp094zOglVrXdlo/4bAHtKTAxX6VT8FOZlBKrmyLbNvE1zxZyJ6yikMVtHIvwP45+ZQGJn+FdXGKTozq0g==
  /@types/ws/6.0.4:
    dependencies:
      '@types/node': 13.7.4
    dev: false
    resolution:
      integrity: sha512-PpPrX7SZW9re6+Ha8ojZG4Se8AZXgf0GK6zmfqEuCsY49LFDNXO3SByp44X3dFEqtB73lkCDAdUazhAjVPiNwg==
  /@wry/equality/0.1.9:
    dependencies:
      tslib: 1.11.0
    dev: false
    resolution:
      integrity: sha512-mB6ceGjpMGz1ZTza8HYnrPGos2mC6So4NhS1PtZ8s4Qt0K7fBiIGhpSxUbQmhwcSWE3no+bYxmI2OL6KuXYmoQ==
  /accepts/1.3.7:
    dependencies:
      mime-types: 2.1.26
      negotiator: 0.6.2
    dev: false
    engines:
      node: '>= 0.6'
    resolution:
      integrity: sha512-Il80Qs2WjYlJIBNzNkK6KYqlVMTbZLXgHx2oT0pU/fjRHyEp+PEfEPY0R3WCwAGVOtauxh1hOxNgIf5bv7dQpA==
  /any-promise/1.3.0:
    dev: false
    resolution:
      integrity: sha1-q8av7tzqUugJzcA3au0845Y10X8=
  /apollo-cache-control/0.8.11:
    dependencies:
      apollo-server-env: 2.4.3
      graphql-extensions: 0.10.10
    dev: false
    engines:
      node: '>=6.0'
    peerDependencies:
      graphql: ^0.12.0 || ^0.13.0 || ^14.0.0
    resolution:
      integrity: sha512-8yz4qbRBIFDWRHdT8uPh0HHh+VbQXxoFGJQRAG8hyMRvR+EuURXX1ltXYkn5J3YJ3MKEqgsvwGaq60dFZq63UQ==
  /apollo-datasource/0.7.0:
    dependencies:
      apollo-server-caching: 0.5.1
      apollo-server-env: 2.4.3
    dev: false
    engines:
      node: '>=6'
    resolution:
      integrity: sha512-Yja12BgNQhzuFGG/5Nw2MQe0hkuQy2+9er09HxeEyAf2rUDIPnhPrn1MDoZTB8MU7UGfjwITC+1ofzKkkrZobA==
  /apollo-engine-reporting-protobuf/0.4.4:
    dependencies:
      '@apollo/protobufjs': 1.0.3
    dev: false
    resolution:
      integrity: sha512-SGrIkUR7Q/VjU8YG98xcvo340C4DaNUhg/TXOtGsMlfiJDzHwVau/Bv6zifAzBafp2lj0XND6Daj5kyT/eSI/w==
  /apollo-engine-reporting/1.6.0:
    dependencies:
      apollo-engine-reporting-protobuf: 0.4.4
      apollo-graphql: 0.4.0
      apollo-server-caching: 0.5.1
      apollo-server-env: 2.4.3
      apollo-server-errors: 2.3.4
      apollo-server-types: 0.2.10
      async-retry: 1.3.1
      graphql-extensions: 0.10.10
    dev: false
    engines:
      node: '>=6.0'
    peerDependencies:
      graphql: ^0.12.0 || ^0.13.0 || ^14.0.0
    resolution:
      integrity: sha512-prA17Tp/WYBJdCd4ey1CnGX8d4Xis1n9PsFmT7x8PV/oNpxG21/x3yNw5kPBZuKAoKz8yEggYtHhkYie1ZBjPQ==
  /apollo-env/0.6.1:
    dependencies:
      '@types/node-fetch': 2.5.4
      core-js: 3.6.4
      node-fetch: 2.6.0
      sha.js: 2.4.11
    dev: false
    engines:
      node: '>=8'
    resolution:
      integrity: sha512-B9BgpQGR1ndeDtb4Gtor0J4CITQ+OPACZrVW6lgStnljKEe9ZB76DZ1dAd3OCeizAswW6Lo9uvfK8jhVS5nBhQ==
  /apollo-graphql/0.4.0:
    dependencies:
      apollo-env: 0.6.1
      lodash.sortby: 4.7.0
    dev: false
    engines:
      node: '>=6'
    peerDependencies:
      graphql: ^14.2.1
    resolution:
      integrity: sha512-abCHcKln1EGbzSItW087EjBI5wnluikyUqEn4VsdeWHCtdENWpHCn/MnM0+jJa1prNasxN7tCukp4nMpJYYVqg==
  /apollo-link/1.2.13:
    dependencies:
      apollo-utilities: 1.3.3
      ts-invariant: 0.4.4
      tslib: 1.11.0
      zen-observable-ts: 0.8.20
    dev: false
    peerDependencies:
      graphql: ^0.11.3 || ^0.12.3 || ^0.13.0 || ^14.0.0
    resolution:
      integrity: sha512-+iBMcYeevMm1JpYgwDEIDt/y0BB7VWyvlm/7x+TIPNLHCTCMgcEgDuW5kH86iQZWo0I7mNwQiTOz+/3ShPFmBw==
  /apollo-server-caching/0.5.1:
    dependencies:
      lru-cache: 5.1.1
    dev: false
    engines:
      node: '>=6'
    resolution:
      integrity: sha512-L7LHZ3k9Ao5OSf2WStvQhxdsNVplRQi7kCAPfqf9Z3GBEnQ2uaL0EgO0hSmtVHfXTbk5CTRziMT1Pe87bXrFIw==
  /apollo-server-core/2.10.1:
    dependencies:
      '@apollographql/apollo-tools': 0.4.3
      '@apollographql/graphql-playground-html': 1.6.24
      '@types/graphql-upload': 8.0.3
      '@types/ws': 6.0.4
      apollo-cache-control: 0.8.11
      apollo-datasource: 0.7.0
      apollo-engine-reporting: 1.6.0
      apollo-server-caching: 0.5.1
      apollo-server-env: 2.4.3
      apollo-server-errors: 2.3.4
      apollo-server-plugin-base: 0.6.10
      apollo-server-types: 0.2.10
      apollo-tracing: 0.8.11
      fast-json-stable-stringify: 2.1.0
      graphql-extensions: 0.10.10
      graphql-tag: 2.10.3
      graphql-tools: 4.0.7
      graphql-upload: 8.1.0
      sha.js: 2.4.11
      subscriptions-transport-ws: 0.9.16
      ws: 6.2.1
    dev: false
    engines:
      node: '>=6'
    peerDependencies:
      graphql: ^0.12.0 || ^0.13.0 || ^14.0.0
    resolution:
      integrity: sha512-BVITSJRMnj+CWFkjt7FMcaoqg/Ni9gfyVE9iu8bUc1IebBfFDcQj652Iolr7dTqyUziN2jbf0wfcybKYJLQHQQ==
  /apollo-server-env/2.4.3:
    dependencies:
      node-fetch: 2.6.0
      util.promisify: 1.0.1
    dev: false
    engines:
      node: '>=6'
    resolution:
      integrity: sha512-23R5Xo9OMYX0iyTu2/qT0EUb+AULCBriA9w8HDfMoChB8M+lFClqUkYtaTTHDfp6eoARLW8kDBhPOBavsvKAjA==
  /apollo-server-errors/2.3.4:
    dev: false
    engines:
      node: '>=6'
    peerDependencies:
      graphql: ^0.12.0 || ^0.13.0 || ^14.0.0
    resolution:
      integrity: sha512-Y0PKQvkrb2Kd18d1NPlHdSqmlr8TgqJ7JQcNIfhNDgdb45CnqZlxL1abuIRhr8tiw8OhVOcFxz2KyglBi8TKdA==
  /apollo-server-koa/2.10.1:
    dependencies:
      '@apollographql/graphql-playground-html': 1.6.24
      '@koa/cors': 2.2.3
      '@types/accepts': 1.3.5
      '@types/cors': 2.8.6
      '@types/koa': 2.11.1
      '@types/koa-bodyparser': 4.3.0
      '@types/koa-compose': 3.2.5
      '@types/koa__cors': 2.2.3
      accepts: 1.3.7
      apollo-server-core: 2.10.1
      apollo-server-types: 0.2.10
      graphql-subscriptions: 1.1.0
      graphql-tools: 4.0.7
      koa: 2.11.0
      koa-bodyparser: 4.2.1
      koa-compose: 4.1.0
      koa-router: 7.4.0
      type-is: 1.6.18
    dev: false
    engines:
      node: '>=6'
    peerDependencies:
      graphql: ^0.12.0 || ^0.13.0 || ^14.0.0
    resolution:
      integrity: sha512-Uw7LHrIThlBrG7z5HTP2UqqeKHI517i+Jjh5vG85Lji5jBHh3cWXbcBAUJDHnWEEFd/qbu5hauNAJoIs0TuKYw==
  /apollo-server-plugin-base/0.6.10:
    dependencies:
      apollo-server-types: 0.2.10
    dev: false
    engines:
      node: '>=6'
    peerDependencies:
      graphql: ^0.12.0 || ^0.13.0 || ^14.0.0
    resolution:
      integrity: sha512-/xT7UT/tbCDIoTQ4lcEQsJ0ACh7h7QG0BDmeSlDXjwDuENRI50bQ2QoluCMPitZXGe+FCQfLhvzFgzbsZGT0IA==
  /apollo-server-types/0.2.10:
    dependencies:
      apollo-engine-reporting-protobuf: 0.4.4
      apollo-server-caching: 0.5.1
      apollo-server-env: 2.4.3
    dev: false
    engines:
      node: '>=6'
    peerDependencies:
      graphql: ^0.12.0 || ^0.13.0 || ^14.0.0
    resolution:
      integrity: sha512-ke9ViPEWfW+2XLe66CaKGVZdS7duSLbamSKSprmmeMBd8s6tmjf0FumUVxV7X4quxPZi0OPo8x0LoLU7GWsmaA==
  /apollo-tracing/0.8.11:
    dependencies:
      apollo-server-env: 2.4.3
      graphql-extensions: 0.10.10
    dev: false
    engines:
      node: '>=4.0'
    peerDependencies:
      graphql: ^0.12.0 || ^0.13.0 || ^14.0.0
    resolution:
      integrity: sha512-Z0wDZ5QOBmpGoajB74ZKGTM7GzG6rqZRzAph4kxud6axcyNqUDKiKZ3Eere+NSLwvvt8M3qnPW4UJSUy/wwOXg==
  /apollo-utilities/1.3.3:
    dependencies:
      '@wry/equality': 0.1.9
      fast-json-stable-stringify: 2.1.0
      ts-invariant: 0.4.4
      tslib: 1.11.0
    dev: false
    peerDependencies:
      graphql: ^0.11.0 || ^0.12.0 || ^0.13.0 || ^14.0.0
    resolution:
      integrity: sha512-F14aX2R/fKNYMvhuP2t9GD9fggID7zp5I96MF5QeKYWDWTrkRdHRp4+SVfXUVN+cXOaB/IebfvRtzPf25CM0zw==
  /async-limiter/1.0.1:
    dev: false
    resolution:
      integrity: sha512-csOlWGAcRFJaI6m+F2WKdnMKr4HhdhFVBk0H/QbJFMCr+uO2kwohwXQPxw/9OCxp05r5ghVBFSyioixx3gfkNQ==
  /async-retry/1.3.1:
    dependencies:
      retry: 0.12.0
    dev: false
    resolution:
      integrity: sha512-aiieFW/7h3hY0Bq5d+ktDBejxuwR78vRu9hDUdR8rNhSaQ29VzPL4AoIRG7D/c7tdenwOcKvgPM6tIxB3cB6HA==
  /backo2/1.0.2:
    dev: false
    resolution:
      integrity: sha1-MasayLEpNjRj41s+u2n038+6eUc=
  /busboy/0.3.1:
    dependencies:
      dicer: 0.3.0
    dev: false
    engines:
      node: '>=4.5.0'
    resolution:
      integrity: sha512-y7tTxhGKXcyBxRKAni+awqx8uqaJKrSFSNFSeRG5CsWNdmy2BIK+6VGWEW7TZnIO/533mtMEA4rOevQV815YJw==
  /bytes/3.1.0:
    dev: false
    engines:
      node: '>= 0.8'
    resolution:
      integrity: sha512-zauLjrfCG+xvoyaqLoV8bLVXXNGC4JqlxFCutSDWA6fJrTo2ZuvLYTqZ7aHBLZSMOopbzwv8f+wZcVzfVTI2Dg==
  /cache-content-type/1.0.1:
    dependencies:
      mime-types: 2.1.26
      ylru: 1.2.1
    dev: false
    engines:
      node: '>= 6.0.0'
    resolution:
      integrity: sha512-IKufZ1o4Ut42YUrZSo8+qnMTrFuKkvyoLXUywKz9GJ5BrhOFGhLdkx9sG4KAnVvbY6kEcSFjLQul+DVmBm2bgA==
  /co-body/6.0.0:
    dependencies:
      inflation: 2.0.0
      qs: 6.9.1
      raw-body: 2.4.1
      type-is: 1.6.18
    dev: false
    resolution:
      integrity: sha512-9ZIcixguuuKIptnY8yemEOuhb71L/lLf+Rl5JfJEUiDNJk0e02MBt7BPxR2GEh5mw8dPthQYR4jPI/BnS1MQgw==
  /co/4.6.0:
    dev: false
    engines:
      iojs: '>= 1.0.0'
      node: '>= 0.12.0'
    resolution:
      integrity: sha1-bqa989hTrlTMuOR7+gvz+QMfsYQ=
  /content-disposition/0.5.3:
    dependencies:
      safe-buffer: 5.1.2
    dev: false
    engines:
      node: '>= 0.6'
    resolution:
      integrity: sha512-ExO0774ikEObIAEV9kDo50o+79VCUdEB6n6lzKgGwupcVeRlhrj3qGAfwq8G6uBJjkqLrhT0qEYFcWng8z1z0g==
  /content-type/1.0.4:
    dev: false
    engines:
      node: '>= 0.6'
    resolution:
      integrity: sha512-hIP3EEPs8tB9AT1L+NUqtwOAps4mk2Zob89MWXMHjHWg9milF/j4osnnQLXBCBFBk/tvIG/tUc9mOUJiPBhPXA==
  /cookies/0.8.0:
    dependencies:
      depd: 2.0.0
      keygrip: 1.1.0
    dev: false
    engines:
      node: '>= 0.8'
    resolution:
      integrity: sha512-8aPsApQfebXnuI+537McwYsDtjVxGm8gTIzQI3FDW6t5t/DAhERxtnbEPN/8RX+uZthoz4eCOgloXaE5cYyNow==
  /copy-to/2.0.1:
    dev: false
    resolution:
      integrity: sha1-JoD7uAaKSNCGVrYJgJK9r8kG9KU=
  /core-js/3.6.4:
    dev: false
    requiresBuild: true
    resolution:
      integrity: sha512-4paDGScNgZP2IXXilaffL9X7968RuvwlkK3xWtZRVqgd8SYNiVKRJvkFd1aqqEuPfN7E68ZHEp9hDj6lHj4Hyw==
  /debug/3.1.0:
    dependencies:
      ms: 2.0.0
    dev: false
    resolution:
      integrity: sha512-OX8XqP7/1a9cqkxYw2yXss15f26NKWBpDXQd0/uK/KPqdQhxbPa994hnzjcE2VqQpDslf55723cKPUOGSmMY3g==
  /debug/3.2.6:
    dependencies:
      ms: 2.1.2
    dev: false
    resolution:
      integrity: sha512-mel+jf7nrtEl5Pn1Qx46zARXKDpBbvzezse7p7LqINmdoIk8PYP5SySaxEmYv6TZ0JyEKA1hsCId6DIhgITtWQ==
  /debug/4.1.1:
    dependencies:
      ms: 2.1.2
    dev: false
    resolution:
      integrity: sha512-pYAIzeRo8J6KPEaJ0VWOh5Pzkbw/RetuzehGM7QRRX5he4fPHx2rdKMB256ehJCkX+XRQm16eZLqLNS8RSZXZw==
  /deep-equal/1.0.1:
    dev: false
    resolution:
      integrity: sha1-9dJgKStmDghO/0zbyfCK0yR0SLU=
  /define-properties/1.1.3:
    dependencies:
      object-keys: 1.1.1
    dev: false
    engines:
      node: '>= 0.4'
    resolution:
      integrity: sha512-3MqfYKj2lLzdMSf8ZIZE/V+Zuy+BgD6f164e8K2w7dgnpKArBDerGYpM46IYYcjnkdPNMjPk9A6VFB8+3SKlXQ==
  /delegates/1.0.0:
    dev: false
    resolution:
      integrity: sha1-hMbhWbgZBP3KWaDvRM2HDTElD5o=
  /depd/1.1.2:
    dev: false
    engines:
      node: '>= 0.6'
    resolution:
      integrity: sha1-m81S4UwJd2PnSbJ0xDRu0uVgtak=
  /depd/2.0.0:
    dev: false
    engines:
      node: '>= 0.8'
    resolution:
      integrity: sha512-g7nH6P6dyDioJogAAGprGpCtVImJhpPk/roCzdb3fIh61/s/nPsfR6onyMwkCAR/OlC3yBC0lESvUoQEAssIrw==
  /deprecated-decorator/0.1.6:
    dev: false
    resolution:
      integrity: sha1-AJZjF7ehL+kvPMgx91g68ym4bDc=
  /destroy/1.0.4:
    dev: false
    resolution:
      integrity: sha1-l4hXRCxEdJ5CBmE+N5RiBYJqvYA=
  /dicer/0.3.0:
    dependencies:
      streamsearch: 0.1.2
    dev: false
    engines:
      node: '>=4.5.0'
    resolution:
      integrity: sha512-MdceRRWqltEG2dZqO769g27N/3PXfcKl04VhYnBlo2YhH7zPi88VebsjTKclaOyiuMaGU72hTfw3VkUitGcVCA==
  /ee-first/1.1.1:
    dev: false
    resolution:
      integrity: sha1-WQxhFWsK4vTwJVcyoViyZrxWsh0=
  /encodeurl/1.0.2:
    dev: false
    engines:
      node: '>= 0.8'
    resolution:
      integrity: sha1-rT/0yG7C0CkyL1oCw6mmBslbP1k=
  /error-inject/1.0.0:
    dev: false
    resolution:
      integrity: sha1-4rPZG1Su1nLzCdlQ0VSFD6EdTzc=
  /es-abstract/1.17.4:
    dependencies:
      es-to-primitive: 1.2.1
      function-bind: 1.1.1
      has: 1.0.3
      has-symbols: 1.0.1
      is-callable: 1.1.5
      is-regex: 1.0.5
      object-inspect: 1.7.0
      object-keys: 1.1.1
      object.assign: 4.1.0
      string.prototype.trimleft: 2.1.1
      string.prototype.trimright: 2.1.1
    dev: false
    engines:
      node: '>= 0.4'
    resolution:
      integrity: sha512-Ae3um/gb8F0mui/jPL+QiqmglkUsaQf7FwBEHYIFkztkneosu9imhqHpBzQ3h1vit8t5iQ74t6PEVvphBZiuiQ==
  /es-to-primitive/1.2.1:
    dependencies:
      is-callable: 1.1.5
      is-date-object: 1.0.2
      is-symbol: 1.0.3
    dev: false
    engines:
      node: '>= 0.4'
    resolution:
      integrity: sha512-QCOllgZJtaUo9miYBcLChTUaHNjJF3PYs1VidD7AwiEj1kYxKeQTctLAezAOH5ZKRH0g2IgPn6KwB4IT8iRpvA==
  /escape-html/1.0.3:
    dev: false
    resolution:
      integrity: sha1-Aljq5NPQwJdN4cFpGI7wBR0dGYg=
  /eventemitter3/3.1.2:
    dev: false
    resolution:
      integrity: sha512-tvtQIeLVHjDkJYnzf2dgVMxfuSGJeM/7UCG17TT4EumTfNtF+0nebF/4zWOIkCreAbtNqhGEboB6BWrwqNaw4Q==
  /fast-json-stable-stringify/2.1.0:
    dev: false
    resolution:
      integrity: sha512-lhd/wF+Lk98HZoTCtlVraHtfh5XYijIjalXck7saUtuanSDyLMxnHhSXEDJqHxD7msR8D0uCmqlkwjCV8xvwHw==
  /fresh/0.5.2:
    dev: false
    engines:
      node: '>= 0.6'
    resolution:
      integrity: sha1-PYyt2Q2XZWn6g1qx+OSyOhBWBac=
  /fs-capacitor/2.0.4:
    dev: false
    engines:
      node: '>=8.5'
    resolution:
      integrity: sha512-8S4f4WsCryNw2mJJchi46YgB6CR5Ze+4L1h8ewl9tEpL4SJ3ZO+c/bS4BWhB8bK+O3TMqhuZarTitd0S0eh2pA==
  /function-bind/1.1.1:
    dev: false
    resolution:
      integrity: sha512-yIovAzMX49sF8Yl58fSCWJ5svSLuaibPxXQJFLmBObTuCr0Mf1KiPopGM9NiFjiYBCbfaa2Fh6breQ6ANVTI0A==
  /graphql-extensions/0.10.10:
    dependencies:
      '@apollographql/apollo-tools': 0.4.3
      apollo-server-env: 2.4.3
      apollo-server-types: 0.2.10
    dev: false
    engines:
      node: '>=6.0'
    peerDependencies:
      graphql: ^0.12.0 || ^0.13.0 || ^14.0.0
    resolution:
      integrity: sha512-pNb1DmUk6vsGtCjCRecpKoXadKNMyKxyLyE9IX65N9aKSmLL+AF7dJOOc4MWhdaAXlzxaDDhe54GpaOfoH7AOw==
  /graphql-subscriptions/1.1.0:
    dependencies:
      iterall: 1.3.0
    dev: false
    peerDependencies:
      graphql: ^0.10.5 || ^0.11.3 || ^0.12.0 || ^0.13.0 || ^14.0.0
    resolution:
      integrity: sha512-6WzlBFC0lWmXJbIVE8OgFgXIP4RJi3OQgTPa0DVMsDXdpRDjTsM1K9wfl5HSYX7R87QAGlvcv2Y4BIZa/ItonA==
  /graphql-tag/2.10.3:
    dev: false
    peerDependencies:
      graphql: ^0.9.0 || ^0.10.0 || ^0.11.0 || ^0.12.0 || ^0.13.0 || ^14.0.0
    resolution:
      integrity: sha512-4FOv3ZKfA4WdOKJeHdz6B3F/vxBLSgmBcGeAFPf4n1F64ltJUvOOerNj0rsJxONQGdhUMynQIvd6LzB+1J5oKA==
  /graphql-tools/4.0.7:
    dependencies:
      apollo-link: 1.2.13
      apollo-utilities: 1.3.3
      deprecated-decorator: 0.1.6
      iterall: 1.3.0
      uuid: 3.4.0
    dev: false
    peerDependencies:
      graphql: ^0.13.0 || ^14.0.0
    resolution:
      integrity: sha512-rApl8sT8t/W1uQRcwzxMYyUBiCl/XicluApiDkNze5TX/GR0BSTQMjM2UcRGdTmkbsb1Eqq6afkyyeG/zMxZYQ==
  /graphql-upload/8.1.0:
    dependencies:
      busboy: 0.3.1
      fs-capacitor: 2.0.4
      http-errors: 1.7.3
      object-path: 0.11.4
    dev: false
    engines:
      node: '>=8.5'
    peerDependencies:
      graphql: 0.13.1 - 14
    resolution:
      integrity: sha512-U2OiDI5VxYmzRKw0Z2dmfk0zkqMRaecH9Smh1U277gVgVe9Qn+18xqf4skwr4YJszGIh7iQDZ57+5ygOK9sM/Q==
  /graphql/14.6.0:
    dependencies:
      iterall: 1.3.0
    dev: false
    engines:
      node: '>= 6.x'
    resolution:
      integrity: sha512-VKzfvHEKybTKjQVpTFrA5yUq2S9ihcZvfJAtsDBBCuV6wauPu1xl/f9ehgVf0FcEJJs4vz6ysb/ZMkGigQZseg==
  /has-symbols/1.0.1:
    dev: false
    engines:
      node: '>= 0.4'
    resolution:
      integrity: sha512-PLcsoqu++dmEIZB+6totNFKq/7Do+Z0u4oT0zKOJNl3lYK6vGwwu2hjHs+68OEZbTjiUE9bgOABXbP/GvrS0Kg==
  /has/1.0.3:
    dependencies:
      function-bind: 1.1.1
    dev: false
    engines:
      node: '>= 0.4.0'
    resolution:
      integrity: sha512-f2dvO0VU6Oej7RkWJGrehjbzMAjFp5/VKPp5tTpWIV4JHHZK1/BxbFRtf/siA2SWTe09caDmVtYYzWEIbBS4zw==
  /http-assert/1.4.1:
    dependencies:
      deep-equal: 1.0.1
      http-errors: 1.7.3
    dev: false
    engines:
      node: '>= 0.8'
    resolution:
      integrity: sha512-rdw7q6GTlibqVVbXr0CKelfV5iY8G2HqEUkhSk297BMbSpSL8crXC+9rjKoMcZZEsksX30le6f/4ul4E28gegw==
  /http-errors/1.7.3:
    dependencies:
      depd: 1.1.2
      inherits: 2.0.4
      setprototypeof: 1.1.1
      statuses: 1.5.0
      toidentifier: 1.0.0
    dev: false
    engines:
      node: '>= 0.6'
    resolution:
      integrity: sha512-ZTTX0MWrsQ2ZAhA1cejAwDLycFsd7I7nVtnkT3Ol0aqodaKW+0CTZDQ1uBv5whptCnc8e8HeRRJxRs0kmm/Qfw==
  /iconv-lite/0.4.24:
    dependencies:
      safer-buffer: 2.1.2
    dev: false
    engines:
      node: '>=0.10.0'
    resolution:
      integrity: sha512-v3MXnZAcvnywkTUEZomIActle7RXXeedOR31wwl7VlyoXO4Qi9arvSenNQWne1TcRwhCL1HwLI21bEqdpj8/rA==
  /inflation/2.0.0:
    dev: false
    engines:
      node: '>= 0.8.0'
    resolution:
      integrity: sha1-i0F+R8KPklpFEz2RTKH9OJEH8w8=
  /inherits/2.0.4:
    dev: false
    resolution:
      integrity: sha512-k/vGaX4/Yla3WzyMCvTQOXYeIHvqOKtnqBduzTHpzpQZzAskKMhZ2K+EnBiSM9zGSoIFeMpXKxa4dYeZIQqewQ==
  /is-callable/1.1.5:
    dev: false
    engines:
      node: '>= 0.4'
    resolution:
      integrity: sha512-ESKv5sMCJB2jnHTWZ3O5itG+O128Hsus4K4Qh1h2/cgn2vbgnLSVqfV46AeJA9D5EeeLa9w81KUXMtn34zhX+Q==
  /is-date-object/1.0.2:
    dev: false
    engines:
      node: '>= 0.4'
    resolution:
      integrity: sha512-USlDT524woQ08aoZFzh3/Z6ch9Y/EWXEHQ/AaRN0SkKq4t2Jw2R2339tSXmwuVoY7LLlBCbOIlx2myP/L5zk0g==
  /is-generator-function/1.0.7:
    dev: false
    engines:
      node: '>= 0.4'
    resolution:
      integrity: sha512-YZc5EwyO4f2kWCax7oegfuSr9mFz1ZvieNYBEjmukLxgXfBUbxAWGVF7GZf0zidYtoBl3WvC07YK0wT76a+Rtw==
  /is-regex/1.0.5:
    dependencies:
      has: 1.0.3
    dev: false
    engines:
      node: '>= 0.4'
    resolution:
      integrity: sha512-vlKW17SNq44owv5AQR3Cq0bQPEb8+kF3UKZ2fiZNOWtztYE5i0CzCZxFDwO58qAOWtxdBRVO/V5Qin1wjCqFYQ==
  /is-symbol/1.0.3:
    dependencies:
      has-symbols: 1.0.1
    dev: false
    engines:
      node: '>= 0.4'
    resolution:
      integrity: sha512-OwijhaRSgqvhm/0ZdAcXNZt9lYdKFpcRDT5ULUuYXPoT794UNOdU+gpT6Rzo7b4V2HUl/op6GqY894AZwv9faQ==
  /isarray/0.0.1:
    dev: false
    resolution:
      integrity: sha1-ihis/Kmo9Bd+Cav8YDiTmwXR7t8=
  /iterall/1.3.0:
    dev: false
    resolution:
      integrity: sha512-QZ9qOMdF+QLHxy1QIpUHUU1D5pS2CG2P69LF6L6CPjPYA/XMOmKV3PZpawHoAjHNyB0swdVTRxdYT4tbBbxqwg==
  /keygrip/1.1.0:
    dependencies:
      tsscmp: 1.0.6
    dev: false
    engines:
      node: '>= 0.6'
    resolution:
      integrity: sha512-iYSchDJ+liQ8iwbSI2QqsQOvqv58eJCEanyJPJi+Khyu8smkcKSFUCbPwzFcL7YVtZ6eONjqRX/38caJ7QjRAQ==
  /koa-bodyparser/4.2.1:
    dependencies:
      co-body: 6.0.0
      copy-to: 2.0.1
    dev: false
    engines:
      node: '>=8.0.0'
    resolution:
      integrity: sha512-UIjPAlMZfNYDDe+4zBaOAUKYqkwAGcIU6r2ARf1UOXPAlfennQys5IiShaVeNf7KkVBlf88f2LeLvBFvKylttw==
  /koa-compose/3.2.1:
    dependencies:
      any-promise: 1.3.0
    dev: false
    resolution:
      integrity: sha1-qFzLQLfZhtjlo0Wzoazo6rz1Tec=
  /koa-compose/4.1.0:
    dev: false
    resolution:
      integrity: sha512-8ODW8TrDuMYvXRwra/Kh7/rJo9BtOfPc6qO8eAfC80CnCvSjSl0bkRM24X6/XBBEyj0v1nRUQ1LyOy3dbqOWXw==
  /koa-convert/1.2.0:
    dependencies:
      co: 4.6.0
      koa-compose: 3.2.1
    dev: false
    engines:
      node: '>= 4'
    resolution:
      integrity: sha1-2kCHXfSd4FOQmNFwC1CCDOvNIdA=
  /koa-router/7.4.0:
    dependencies:
      debug: 3.2.6
      http-errors: 1.7.3
      koa-compose: 3.2.1
      methods: 1.1.2
      path-to-regexp: 1.8.0
      urijs: 1.19.2
    dev: false
    engines:
      node: '>= 4'
    resolution:
      integrity: sha512-IWhaDXeAnfDBEpWS6hkGdZ1ablgr6Q6pGdXCyK38RbzuH4LkUOpPqPw+3f8l8aTDrQmBQ7xJc0bs2yV4dzcO+g==
  /koa/2.11.0:
    dependencies:
      accepts: 1.3.7
      cache-content-type: 1.0.1
      content-disposition: 0.5.3
      content-type: 1.0.4
      cookies: 0.8.0
      debug: 3.1.0
      delegates: 1.0.0
      depd: 1.1.2
      destroy: 1.0.4
      encodeurl: 1.0.2
      error-inject: 1.0.0
      escape-html: 1.0.3
      fresh: 0.5.2
      http-assert: 1.4.1
      http-errors: 1.7.3
      is-generator-function: 1.0.7
      koa-compose: 4.1.0
      koa-convert: 1.2.0
      on-finished: 2.3.0
      only: 0.0.2
      parseurl: 1.3.3
      statuses: 1.5.0
      type-is: 1.6.18
      vary: 1.1.2
    dev: false
    engines:
      node: ^4.8.4 || ^6.10.1 || ^7.10.1 || >= 8.1.4
    resolution:
      integrity: sha512-EpR9dElBTDlaDgyhDMiLkXrPwp6ZqgAIBvhhmxQ9XN4TFgW+gEz6tkcsNI6BnUbUftrKDjVFj4lW2/J2aNBMMA==
  /lodash.sortby/4.7.0:
    dev: false
    resolution:
      integrity: sha1-7dFMgk4sycHgsKG0K7UhBRakJDg=
  /long/4.0.0:
    dev: false
    resolution:
      integrity: sha512-XsP+KhQif4bjX1kbuSiySJFNAehNxgLb6hPRGJ9QsUr8ajHkuXGdrHmFUTUUXhDwVX2R5bY4JNZEwbUiMhV+MA==
  /lru-cache/5.1.1:
    dependencies:
      yallist: 3.1.1
    dev: false
    resolution:
      integrity: sha512-KpNARQA3Iwv+jTA0utUVVbrh+Jlrr1Fv0e56GGzAFOXN7dk/FviaDW8LHmK52DlcH4WP2n6gI8vN1aesBFgo9w==
  /media-typer/0.3.0:
    dev: false
    engines:
      node: '>= 0.6'
    resolution:
      integrity: sha1-hxDXrwqmJvj/+hzgAWhUUmMlV0g=
  /methods/1.1.2:
    dev: false
    engines:
      node: '>= 0.6'
    resolution:
      integrity: sha1-VSmk1nZUE07cxSZmVoNbD4Ua/O4=
  /mime-db/1.43.0:
    dev: false
    engines:
      node: '>= 0.6'
    resolution:
      integrity: sha512-+5dsGEEovYbT8UY9yD7eE4XTc4UwJ1jBYlgaQQF38ENsKR3wj/8q8RFZrF9WIZpB2V1ArTVFUva8sAul1NzRzQ==
  /mime-types/2.1.26:
    dependencies:
      mime-db: 1.43.0
    dev: false
    engines:
      node: '>= 0.6'
    resolution:
      integrity: sha512-01paPWYgLrkqAyrlDorC1uDwl2p3qZT7yl806vW7DvDoxwXi46jsjFbg+WdwotBIk6/MbEhO/dh5aZ5sNj/dWQ==
  /ms/2.0.0:
    dev: false
    resolution:
      integrity: sha1-VgiurfwAvmwpAd9fmGF4jeDVl8g=
  /ms/2.1.2:
    dev: false
    resolution:
      integrity: sha512-sGkPx+VjMtmA6MX27oA4FBFELFCZZ4S4XqeGOXCv68tT+jb3vk/RyaKWP0PTKyWtmLSM0b+adUTEvbs1PEaH2w==
  /negotiator/0.6.2:
    dev: false
    engines:
      node: '>= 0.6'
    resolution:
      integrity: sha512-hZXc7K2e+PgeI1eDBe/10Ard4ekbfrrqG8Ep+8Jmf4JID2bNg7NvCPOZN+kfF574pFQI7mum2AUqDidoKqcTOw==
  /node-fetch/2.6.0:
    dev: false
    engines:
      node: 4.x || >=6.0.0
    resolution:
      integrity: sha512-8dG4H5ujfvFiqDmVu9fQ5bOHUC15JMjMY/Zumv26oOvvVJjM67KF8koCWIabKQ1GJIa9r2mMZscBq/TbdOcmNA==
  /object-inspect/1.7.0:
    dev: false
    resolution:
      integrity: sha512-a7pEHdh1xKIAgTySUGgLMx/xwDZskN1Ud6egYYN3EdRW4ZMPNEDUTF+hwy2LUC+Bl+SyLXANnwz/jyh/qutKUw==
  /object-keys/1.1.1:
    dev: false
    engines:
      node: '>= 0.4'
    resolution:
      integrity: sha512-NuAESUOUMrlIXOfHKzD6bpPu3tYt3xvjNdRIQ+FeT0lNb4K8WR70CaDxhuNguS2XG+GjkyMwOzsN5ZktImfhLA==
  /object-path/0.11.4:
    dev: false
    engines:
      node: '>=0.10.0'
    resolution:
      integrity: sha1-NwrnUvvzfePqcKhhwju6iRVpGUk=
  /object.assign/4.1.0:
    dependencies:
      define-properties: 1.1.3
      function-bind: 1.1.1
      has-symbols: 1.0.1
      object-keys: 1.1.1
    dev: false
    engines:
      node: '>= 0.4'
    resolution:
      integrity: sha512-exHJeq6kBKj58mqGyTQ9DFvrZC/eR6OwxzoM9YRoGBqrXYonaFyGiFMuc9VZrXf7DarreEwMpurG3dd+CNyW5w==
  /object.getownpropertydescriptors/2.1.0:
    dependencies:
      define-properties: 1.1.3
      es-abstract: 1.17.4
    dev: false
    engines:
      node: '>= 0.8'
    resolution:
      integrity: sha512-Z53Oah9A3TdLoblT7VKJaTDdXdT+lQO+cNpKVnya5JDe9uLvzu1YyY1yFDFrcxrlRgWrEFH0jJtD/IbuwjcEVg==
  /on-finished/2.3.0:
    dependencies:
      ee-first: 1.1.1
    dev: false
    engines:
      node: '>= 0.8'
    resolution:
      integrity: sha1-IPEzZIGwg811M3mSoWlxqi2QaUc=
  /only/0.0.2:
    dev: false
    resolution:
      integrity: sha1-Kv3oTQPlC5qO3EROMGEKcCle37Q=
  /parseurl/1.3.3:
    dev: false
    engines:
      node: '>= 0.8'
    resolution:
      integrity: sha512-CiyeOxFT/JZyN5m0z9PfXw4SCBJ6Sygz1Dpl0wqjlhDEGGBP1GnsUVEL0p63hoG1fcj3fHynXi9NYO4nWOL+qQ==
  /path-to-regexp/1.8.0:
    dependencies:
      isarray: 0.0.1
    dev: false
    resolution:
      integrity: sha512-n43JRhlUKUAlibEJhPeir1ncUID16QnEjNpwzNdO3Lm4ywrBpBZ5oLD0I6br9evr1Y9JTqwRtAh7JLoOzAQdVA==
  /qs/6.9.1:
    dev: false
    engines:
      node: '>=0.6'
    resolution:
      integrity: sha512-Cxm7/SS/y/Z3MHWSxXb8lIFqgqBowP5JMlTUFyJN88y0SGQhVmZnqFK/PeuMX9LzUyWsqqhNxIyg0jlzq946yA==
  /raw-body/2.4.1:
    dependencies:
      bytes: 3.1.0
      http-errors: 1.7.3
      iconv-lite: 0.4.24
      unpipe: 1.0.0
    dev: false
    engines:
      node: '>= 0.8'
    resolution:
      integrity: sha512-9WmIKF6mkvA0SLmA2Knm9+qj89e+j1zqgyn8aXGd7+nAduPoqgI9lO57SAZNn/Byzo5P7JhXTyg9PzaJbH73bA==
  /retry/0.12.0:
    dev: false
    engines:
      node: '>= 4'
    resolution:
      integrity: sha1-G0KmJmoh8HQh0bC1S33BZ7AcATs=
  /safe-buffer/5.1.2:
    dev: false
    resolution:
      integrity: sha512-Gd2UZBJDkXlY7GbJxfsE8/nvKkUEU1G38c1siN6QP6a9PT9MmHB8GnpscSmMJSoF8LOIrt8ud/wPtojys4G6+g==
  /safe-buffer/5.2.0:
    dev: false
    resolution:
      integrity: sha512-fZEwUGbVl7kouZs1jCdMLdt95hdIv0ZeHg6L7qPeciMZhZ+/gdesW4wgTARkrFWEpspjEATAzUGPG8N2jJiwbg==
  /safer-buffer/2.1.2:
    dev: false
    resolution:
      integrity: sha512-YZo3K82SD7Riyi0E1EQPojLz7kpepnSQI9IyPbHHg1XXXevb5dJI7tpyN2ADxGcQbHG7vcyRHk0cbwqcQriUtg==
  /setprototypeof/1.1.1:
    dev: false
    resolution:
      integrity: sha512-JvdAWfbXeIGaZ9cILp38HntZSFSo3mWg6xGcJJsd+d4aRMOqauag1C63dJfDw7OaMYwEbHMOxEZ1lqVRYP2OAw==
  /sha.js/2.4.11:
    dependencies:
      inherits: 2.0.4
      safe-buffer: 5.2.0
    dev: false
    hasBin: true
    resolution:
      integrity: sha512-QMEp5B7cftE7APOjk5Y6xgrbWu+WkLVQwk8JNjZ8nKRciZaByEW6MubieAiToS7+dwvrjGhH8jRXz3MVd0AYqQ==
  /statuses/1.5.0:
    dev: false
    engines:
      node: '>= 0.6'
    resolution:
      integrity: sha1-Fhx9rBd2Wf2YEfQ3cfqZOBR4Yow=
  /streamsearch/0.1.2:
    dev: false
    engines:
      node: '>=0.8.0'
    resolution:
      integrity: sha1-gIudDlb8Jz2Am6VzOOkpkZoanxo=
  /string.prototype.trimleft/2.1.1:
    dependencies:
      define-properties: 1.1.3
      function-bind: 1.1.1
    dev: false
    engines:
      node: '>= 0.4'
    resolution:
      integrity: sha512-iu2AGd3PuP5Rp7x2kEZCrB2Nf41ehzh+goo8TV7z8/XDBbsvc6HQIlUl9RjkZ4oyrW1XM5UwlGl1oVEaDjg6Ag==
  /string.prototype.trimright/2.1.1:
    dependencies:
      define-properties: 1.1.3
      function-bind: 1.1.1
    dev: false
    engines:
      node: '>= 0.4'
    resolution:
      integrity: sha512-qFvWL3/+QIgZXVmJBfpHmxLB7xsUXz6HsUmP8+5dRaC3Q7oKUv9Vo6aMCRZC1smrtyECFsIT30PqBJ1gTjAs+g==
  /subscriptions-transport-ws/0.9.16:
    dependencies:
      backo2: 1.0.2
      eventemitter3: 3.1.2
      iterall: 1.3.0
      symbol-observable: 1.2.0
      ws: 5.2.2
    dev: false
    peerDependencies:
      graphql: ^0.10.0 || ^0.11.0 || ^0.12.0 || ^0.13.1 || ^14.0.2
    resolution:
      integrity: sha512-pQdoU7nC+EpStXnCfh/+ho0zE0Z+ma+i7xvj7bkXKb1dvYHSZxgRPaU6spRP+Bjzow67c/rRDoix5RT0uU9omw==
  /symbol-observable/1.2.0:
    dev: false
    engines:
      node: '>=0.10.0'
    resolution:
      integrity: sha512-e900nM8RRtGhlV36KGEU9k65K3mPb1WV70OdjfxlG2EAuM1noi/E/BaW/uMhL7bPEssK8QV57vN3esixjUvcXQ==
  /toidentifier/1.0.0:
    dev: false
    engines:
      node: '>=0.6'
    resolution:
      integrity: sha512-yaOH/Pk/VEhBWWTlhI+qXxDFXlejDGcQipMlyxda9nthulaxLZUNcUqFxokp0vcYnvteJln5FNQDRrxj3YcbVw==
  /ts-invariant/0.4.4:
    dependencies:
      tslib: 1.11.0
    dev: false
    resolution:
      integrity: sha512-uEtWkFM/sdZvRNNDL3Ehu4WVpwaulhwQszV8mrtcdeE8nN00BV9mAmQ88RkrBhFgl9gMgvjJLAQcZbnPXI9mlA==
  /tslib/1.11.0:
    dev: false
    resolution:
      integrity: sha512-BmndXUtiTn/VDDrJzQE7Mm22Ix3PxgLltW9bSNLoeCY31gnG2OPx0QqJnuc9oMIKioYrz487i6K9o4Pdn0j+Kg==
  /tsscmp/1.0.6:
    dev: false
    engines:
      node: '>=0.6.x'
    resolution:
      integrity: sha512-LxhtAkPDTkVCMQjt2h6eBVY28KCjikZqZfMcC15YBeNjkgUpdCfBu5HoiOTDu86v6smE8yOjyEktJ8hlbANHQA==
  /type-is/1.6.18:
    dependencies:
      media-typer: 0.3.0
      mime-types: 2.1.26
    dev: false
    engines:
      node: '>= 0.6'
    resolution:
      integrity: sha512-TkRKr9sUTxEH8MdfuCSP7VizJyzRNMjj2J2do2Jr3Kym598JVdEksuzPQCnlFPW4ky9Q+iA+ma9BGm06XQBy8g==
  /unpipe/1.0.0:
    dev: false
    engines:
      node: '>= 0.8'
    resolution:
      integrity: sha1-sr9O6FFKrmFltIF4KdIbLvSZBOw=
  /urijs/1.19.2:
    dev: false
    resolution:
      integrity: sha512-s/UIq9ap4JPZ7H1EB5ULo/aOUbWqfDi7FKzMC2Nz+0Si8GiT1rIEaprt8hy3Vy2Ex2aJPpOQv4P4DuOZ+K1c6w==
  /util.promisify/1.0.1:
    dependencies:
      define-properties: 1.1.3
      es-abstract: 1.17.4
      has-symbols: 1.0.1
      object.getownpropertydescriptors: 2.1.0
    dev: false
    resolution:
      integrity: sha512-g9JpC/3He3bm38zsLupWryXHoEcS22YHthuPQSJdMy6KNrzIRzWqcsHzD/WUnqe45whVou4VIsPew37DoXWNrA==
  /uuid/3.4.0:
    dev: false
    hasBin: true
    resolution:
      integrity: sha512-HjSDRw6gZE5JMggctHBcjVak08+KEVhSIiDzFnT9S9aegmp85S/bReBVTb4QTFaRNptJ9kuYaNhnbNEOkbKb/A==
  /vary/1.1.2:
    dev: false
    engines:
      node: '>= 0.8'
    resolution:
      integrity: sha1-IpnwLG3tMNSllhsLn3RSShj2NPw=
  /ws/5.2.2:
    dependencies:
      async-limiter: 1.0.1
    dev: false
    resolution:
      integrity: sha512-jaHFD6PFv6UgoIVda6qZllptQsMlDEJkTQcybzzXDYM1XO9Y8em691FGMPmM46WGyLU4z9KMgQN+qrux/nhlHA==
  /ws/6.2.1:
    dependencies:
      async-limiter: 1.0.1
    dev: false
    resolution:
      integrity: sha512-GIyAXC2cB7LjvpgMt9EKS2ldqr0MTrORaleiOno6TweZ6r3TKtoFQWay/2PceJ3RuBasOHzXNn5Lrw1X0bEjqA==
  /yallist/3.1.1:
    dev: false
    resolution:
      integrity: sha512-a4UGQaWPH59mOXUYnAG2ewncQS4i4F43Tv3JoAM+s2VDAmS9NsK8GpDMLrCHPksFT7h3K6TOoUNn2pb7RoXx4g==
  /ylru/1.2.1:
    dev: false
    engines:
      node: '>= 4.0.0'
    resolution:
      integrity: sha512-faQrqNMzcPCHGVC2aaOINk13K+aaBDUPjGWl0teOXywElLjyVAB6Oe2jj62jHYtwsU49jXhScYbvPENK+6zAvQ==
  /zen-observable-ts/0.8.20:
    dependencies:
      tslib: 1.11.0
      zen-observable: 0.8.15
    dev: false
    resolution:
      integrity: sha512-2rkjiPALhOtRaDX6pWyNqK1fnP5KkJJybYebopNSn6wDG1lxBoFs2+nwwXKoA6glHIrtwrfBBy6da0stkKtTAA==
  /zen-observable/0.8.15:
    dev: false
    resolution:
      integrity: sha512-PQ2PC7R9rslx84ndNBZB/Dkv8V8fZEpk83RLgXtYd0fwUgEjseMn1Dgajh2x6S8QbZAFa9p2qVCEuYZNgve0dQ==
specifiers:
  '@hydre/auth-core': 'link:../auth-core'
  '@hydre/datas-mongo': 'link:../datas-mongo'
  '@hydre/datas-neo4j': 'link:../datas-neo4j'
  '@hydre/datas-redisgraph': 'link:../datas-redisgraph'
  '@koa/cors': ^3.0.0
  apollo-server-koa: ^2.10.0
  debug: ^4.1.1
  koa: ^2.11.0
