dependencies:
  bcryptjs: 2.4.3
  cookie: 0.4.0
  debug: 4.1.1
  google-auth-library: 5.10.0
  googleapis: 47.0.0
  jsonwebtoken: 8.5.1
  pretty-error: 2.1.1
  project-version: 1.2.0
  ua-parser-js: 0.7.21
  uuid: 3.4.0
lockfileVersion: 5.1
packages:
  /abort-controller/3.0.0:
    dependencies:
      event-target-shim: 5.0.1
    dev: false
    engines:
      node: '>=6.5'
    resolution:
      integrity: sha512-h8lQ8tacZYnR3vNQTgibj+tODHI5/+l06Au2Pcriv/Gmet0eaj4TwWH41sO9wnHDiQsEj19q0drzdWdeAHtweg==
  /agent-base/6.0.0:
    dependencies:
      debug: 4.1.1
    dev: false
    engines:
      node: '>= 6.0.0'
    resolution:
      integrity: sha512-j1Q7cSCqN+AwrmDd+pzgqc0/NpC655x2bUf5ZjRIO77DcNBFmh+OgRNzF6OKdCC9RSCb19fGd99+bhXFdkRNqw==
  /ansi-regex/2.1.1:
    dev: false
    engines:
      node: '>=0.10.0'
    resolution:
      integrity: sha1-w7M6te42DYbg5ijwRorn7yfWVN8=
  /arrify/2.0.1:
    dev: false
    engines:
      node: '>=8'
    resolution:
      integrity: sha512-3duEwti880xqi4eAMN8AyR4a0ByT90zoYdLlevfrvU43vb0YZwZVfxOgxWrLXXXpyugL0hNZc9G6BiB5B3nUug==
  /base64-js/1.3.1:
    dev: false
    resolution:
      integrity: sha512-mLQ4i2QO1ytvGWFWmcngKO//JXAQueZvwEKtjgQFM4jIK0kU+ytMfplL8j+n5mspOfjHwoAg+9yhb7BwAHm36g==
  /bcryptjs/2.4.3:
    dev: false
    resolution:
      integrity: sha1-mrVie5PmBiH/fNrF2pczAn3x0Ms=
  /bignumber.js/7.2.1:
    dev: false
    resolution:
      integrity: sha512-S4XzBk5sMB+Rcb/LNcpzXr57VRTxgAvaAEDAl1AwRx27j00hT84O6OkteE7u8UB3NuaaygCRrEpqox4uDOrbdQ==
  /boolbase/1.0.0:
    dev: false
    resolution:
      integrity: sha1-aN/1++YMUes3cl6p4+0xDcwed24=
  /buffer-equal-constant-time/1.0.1:
    dev: false
    resolution:
      integrity: sha1-+OcRMvf/5uAaXJaXpMbz5I1cyBk=
  /cookie/0.4.0:
    dev: false
    engines:
      node: '>= 0.6'
    resolution:
      integrity: sha512-+Hp8fLp57wnUSt0tY0tHEXh4voZRDnoIrZPqlo3DPiI4y9lwg/jqx+1Om94/W6ZaPDOUbnjOt/99w66zk+l1Xg==
  /css-select/1.2.0:
    dependencies:
      boolbase: 1.0.0
      css-what: 2.1.3
      domutils: 1.5.1
      nth-check: 1.0.2
    dev: false
    resolution:
      integrity: sha1-KzoRBTnFNV8c2NMUYj6HCxIeyFg=
  /css-what/2.1.3:
    dev: false
    resolution:
      integrity: sha512-a+EPoD+uZiNfh+5fxw2nO9QwFa6nJe2Or35fGY6Ipw1R3R4AGz1d1TEZrCegvw2YTmZ0jXirGYlzxxpYSHwpEg==
  /debug/4.1.1:
    dependencies:
      ms: 2.1.2
    dev: false
    resolution:
      integrity: sha512-pYAIzeRo8J6KPEaJ0VWOh5Pzkbw/RetuzehGM7QRRX5he4fPHx2rdKMB256ehJCkX+XRQm16eZLqLNS8RSZXZw==
  /dom-converter/0.2.0:
    dependencies:
      utila: 0.4.0
    dev: false
    resolution:
      integrity: sha512-gd3ypIPfOMr9h5jIKq8E3sHOTCjeirnl0WK5ZdS1AW0Odt0b1PaWaHdJ4Qk4klv+YB9aJBS7mESXjFoDQPu6DA==
  /dom-serializer/0.2.2:
    dependencies:
      domelementtype: 2.0.1
      entities: 2.0.0
    dev: false
    resolution:
      integrity: sha512-2/xPb3ORsQ42nHYiSunXkDjPLBaEj/xTwUO4B7XCZQTRk7EBtTOPaygh10YAAh2OI1Qrp6NWfpAhzswj0ydt9g==
  /domelementtype/1.3.1:
    dev: false
    resolution:
      integrity: sha512-BSKB+TSpMpFI/HOxCNr1O8aMOTZ8hT3pM3GQ0w/mWRmkhEDSFJkkyzz4XQsBV44BChwGkrDfMyjVD0eA2aFV3w==
  /domelementtype/2.0.1:
    dev: false
    resolution:
      integrity: sha512-5HOHUDsYZWV8FGWN0Njbr/Rn7f/eWSQi1v7+HsUVwXgn8nWWlL64zKDkS0n8ZmQ3mlWOMuXOnR+7Nx/5tMO5AQ==
  /domhandler/2.4.2:
    dependencies:
      domelementtype: 1.3.1
    dev: false
    resolution:
      integrity: sha512-JiK04h0Ht5u/80fdLMCEmV4zkNh2BcoMFBmZ/91WtYZ8qVXSKjiw7fXMgFPnHcSZgOo3XdinHvmnDUeMf5R4wA==
  /domutils/1.5.1:
    dependencies:
      dom-serializer: 0.2.2
      domelementtype: 1.3.1
    dev: false
    resolution:
      integrity: sha1-3NhIiib1Y9YQeeSMn3t+Mjc2gs8=
  /domutils/1.7.0:
    dependencies:
      dom-serializer: 0.2.2
      domelementtype: 1.3.1
    dev: false
    resolution:
      integrity: sha512-Lgd2XcJ/NjEw+7tFvfKxOzCYKZsdct5lczQ2ZaQY8Djz7pfAD3Gbp8ySJWtreII/vDlMVmxwa6pHmdxIYgttDg==
  /ecdsa-sig-formatter/1.0.11:
    dependencies:
      safe-buffer: 5.2.0
    dev: false
    resolution:
      integrity: sha512-nagl3RYrbNv6kQkeJIpt6NJZy8twLB/2vtz6yN9Z4vRKHN4/QZJIEbqohALSgwKdnksuY3k5Addp5lg8sVoVcQ==
  /entities/1.1.2:
    dev: false
    resolution:
      integrity: sha512-f2LZMYl1Fzu7YSBKg+RoROelpOaNrcGmE9AZubeDfrCEia483oW4MI4VyFd5VNHIgQ/7qm1I0wUHK1eJnn2y2w==
  /entities/2.0.0:
    dev: false
    resolution:
      integrity: sha512-D9f7V0JSRwIxlRI2mjMqufDrRDnx8p+eEOz7aUM9SuvF8gsBzra0/6tbjl1m8eQHrZlYj6PxqE00hZ1SAIKPLw==
  /error-ex/1.3.2:
    dependencies:
      is-arrayish: 0.2.1
    dev: false
    resolution:
      integrity: sha512-7dFHNmqeFSEt2ZBsCriorKnn3Z2pj+fd9kmI6QoWw4//DL+icEBfc0U7qJCisqrTsKTjw4fNFy2pW9OqStD84g==
  /event-target-shim/5.0.1:
    dev: false
    engines:
      node: '>=6'
    resolution:
      integrity: sha512-i/2XbnSz/uxRCU6+NdVJgKWDTM427+MqYbkQzD321DuCQJUqOuJKIA0IM2+W2xtYHdKOmZ4dR6fExsd4SXL+WQ==
  /extend/3.0.2:
    dev: false
    resolution:
      integrity: sha512-fjquC59cD7CyW6urNXK0FBufkZcoiGG80wTuPujX590cB5Ttln20E2UB4S/WARVqhXffZl2LNgS+gQdPIIim/g==
  /fast-text-encoding/1.0.0:
    dev: false
    resolution:
      integrity: sha512-R9bHCvweUxxwkDwhjav5vxpFvdPGlVngtqmx4pIZfSUhM/Q4NiIUHB456BAf+Q1Nwu3HEZYONtu+Rya+af4jiQ==
  /gaxios/2.3.1:
    dependencies:
      abort-controller: 3.0.0
      extend: 3.0.2
      https-proxy-agent: 5.0.0
      is-stream: 2.0.0
      node-fetch: 2.6.0
    dev: false
    engines:
      node: '>=8.10.0'
    resolution:
      integrity: sha512-DQOesWEx59/bm63lTX0uHDDXpGTW9oKqNsoigwCoRe2lOb5rFqxzHjLTa6aqEBecLcz69dHLw7rbS068z1fvIQ==
  /gcp-metadata/3.3.1:
    dependencies:
      gaxios: 2.3.1
      json-bigint: 0.3.0
    dev: false
    engines:
      node: '>=8.10.0'
    resolution:
      integrity: sha512-RrASg1HaVAxoB9Q/8sYfJ++v9PMiiqIgOrOxZeagMgS4osZtICT1lKBx2uvzYgwetxj8i6K99Z0iuKMg7WraTg==
  /google-auth-library/5.10.0:
    dependencies:
      arrify: 2.0.1
      base64-js: 1.3.1
      ecdsa-sig-formatter: 1.0.11
      fast-text-encoding: 1.0.0
      gaxios: 2.3.1
      gcp-metadata: 3.3.1
      gtoken: 4.1.4
      jws: 4.0.0
      lru-cache: 5.1.1
    dev: false
    engines:
      node: '>=8.10.0'
    resolution:
      integrity: sha512-Kfa0GDYYzaRGtvegI64c+oF8Adv3ZW8hWfOegiu53/h4etBdsdXI3uox/TKlyIHKFu8/YhpKv3Z30sJH986YKA==
  /google-p12-pem/2.0.4:
    dependencies:
      node-forge: 0.9.1
    dev: false
    engines:
      node: '>=8.10.0'
    hasBin: true
    resolution:
      integrity: sha512-S4blHBQWZRnEW44OcR7TL9WR+QCqByRvhNDZ/uuQfpxywfupikf/miba8js1jZi6ZOGv5slgSuoshCWh6EMDzg==
  /googleapis-common/3.2.1:
    dependencies:
      extend: 3.0.2
      gaxios: 2.3.1
      google-auth-library: 5.10.0
      qs: 6.9.1
      url-template: 2.0.8
      uuid: 3.4.0
    dev: false
    engines:
      node: '>=8.10.0'
    resolution:
      integrity: sha512-lPAJXYpZLvY4AZp57RWj1eUXS2D5LxS3y6W0n9Jbl6eKOWmyLgz99f84XVCxVnyq8DcgV/ZAxt1lpFEzGZkVvQ==
  /googleapis/47.0.0:
    dependencies:
      google-auth-library: 5.10.0
      googleapis-common: 3.2.1
    dev: false
    engines:
      node: '>=8.10.0'
    resolution:
      integrity: sha512-+Fnjgcc3Na/rk57dwxqW1V0HJXJFjnt3aqFlckULqAqsPkmex/AyJJe6MSlXHC37ZmlXEb9ZtPGUp5ZzRDXpHg==
  /gtoken/4.1.4:
    dependencies:
      gaxios: 2.3.1
      google-p12-pem: 2.0.4
      jws: 4.0.0
      mime: 2.4.4
    dev: false
    engines:
      node: '>=8.10.0'
    resolution:
      integrity: sha512-VxirzD0SWoFUo5p8RDP8Jt2AGyOmyYcT/pOUgDKJCK+iSw0TMqwrVfY37RXTNmoKwrzmDHSk0GMT9FsgVmnVSA==
  /hosted-git-info/2.8.5:
    dev: false
    resolution:
      integrity: sha512-kssjab8CvdXfcXMXVcvsXum4Hwdq9XGtRD3TteMEvEbq0LXyiNQr6AprqKqfeaDXze7SxWvRxdpwE6ku7ikLkg==
  /htmlparser2/3.10.1:
    dependencies:
      domelementtype: 1.3.1
      domhandler: 2.4.2
      domutils: 1.7.0
      entities: 1.1.2
      inherits: 2.0.4
      readable-stream: 3.6.0
    dev: false
    resolution:
      integrity: sha512-IgieNijUMbkDovyoKObU1DUhm1iwNYE/fuifEoEHfd1oZKZDaONBSkal7Y01shxsM49R4XaMdGez3WnF9UfiCQ==
  /https-proxy-agent/5.0.0:
    dependencies:
      agent-base: 6.0.0
      debug: 4.1.1
    dev: false
    engines:
      node: '>= 6'
    resolution:
      integrity: sha512-EkYm5BcKUGiduxzSt3Eppko+PiNWNEpa4ySk9vTC6wDsQJW9rHSa+UhGNJoRYp7bz6Ht1eaRIa6QaJqO5rCFbA==
  /inherits/2.0.4:
    dev: false
    resolution:
      integrity: sha512-k/vGaX4/Yla3WzyMCvTQOXYeIHvqOKtnqBduzTHpzpQZzAskKMhZ2K+EnBiSM9zGSoIFeMpXKxa4dYeZIQqewQ==
  /is-arrayish/0.2.1:
    dev: false
    resolution:
      integrity: sha1-d8mYQFJ6qOyxqLppe4BkWnqSap0=
  /is-stream/2.0.0:
    dev: false
    engines:
      node: '>=8'
    resolution:
      integrity: sha512-XCoy+WlUr7d1+Z8GgSuXmpuUFC9fOhRXglJMx+dwLKTkL44Cjd4W1Z5P+BQZpr+cR93aGP4S/s7Ftw6Nd/kiEw==
  /json-bigint/0.3.0:
    dependencies:
      bignumber.js: 7.2.1
    dev: false
    resolution:
      integrity: sha1-DM2RLEuCcNBfBW+9E4FLU9OCWx4=
  /json-parse-better-errors/1.0.2:
    dev: false
    resolution:
      integrity: sha512-mrqyZKfX5EhL7hvqcV6WG1yYjnjeuYDzDhhcAAUrq8Po85NBQBJP+ZDUT75qZQ98IkUoBqdkExkukOU7Ts2wrw==
  /jsonwebtoken/8.5.1:
    dependencies:
      jws: 3.2.2
      lodash.includes: 4.3.0
      lodash.isboolean: 3.0.3
      lodash.isinteger: 4.0.4
      lodash.isnumber: 3.0.3
      lodash.isplainobject: 4.0.6
      lodash.isstring: 4.0.1
      lodash.once: 4.1.1
      ms: 2.1.2
      semver: 5.7.1
    dev: false
    engines:
      node: '>=4'
      npm: '>=1.4.28'
    resolution:
      integrity: sha512-XjwVfRS6jTMsqYs0EsuJ4LGxXV14zQybNd4L2r0UvbVnSF9Af8x7p5MzbJ90Ioz/9TI41/hTCvznF/loiSzn8w==
  /jwa/1.4.1:
    dependencies:
      buffer-equal-constant-time: 1.0.1
      ecdsa-sig-formatter: 1.0.11
      safe-buffer: 5.2.0
    dev: false
    resolution:
      integrity: sha512-qiLX/xhEEFKUAJ6FiBMbes3w9ATzyk5W7Hvzpa/SLYdxNtng+gcurvrI7TbACjIXlsJyr05/S1oUhZrc63evQA==
  /jwa/2.0.0:
    dependencies:
      buffer-equal-constant-time: 1.0.1
      ecdsa-sig-formatter: 1.0.11
      safe-buffer: 5.2.0
    dev: false
    resolution:
      integrity: sha512-jrZ2Qx916EA+fq9cEAeCROWPTfCwi1IVHqT2tapuqLEVVDKFDENFw1oL+MwrTvH6msKxsd1YTDVw6uKEcsrLEA==
  /jws/3.2.2:
    dependencies:
      jwa: 1.4.1
      safe-buffer: 5.2.0
    dev: false
    resolution:
      integrity: sha512-YHlZCB6lMTllWDtSPHz/ZXTsi8S00usEV6v1tjq8tOUZzw7DpSDWVXjXDre6ed1w/pd495ODpHZYSdkRTsa0HA==
  /jws/4.0.0:
    dependencies:
      jwa: 2.0.0
      safe-buffer: 5.2.0
    dev: false
    resolution:
      integrity: sha512-KDncfTmOZoOMTFG4mBlG0qUIOlc03fmzH+ru6RgYVZhPkyiy/92Owlt/8UEN+a4TXR1FQetfIpJE8ApdvdVxTg==
  /lodash.includes/4.3.0:
    dev: false
    resolution:
      integrity: sha1-YLuYqHy5I8aMoeUTJUgzFISfVT8=
  /lodash.isboolean/3.0.3:
    dev: false
    resolution:
      integrity: sha1-bC4XHbKiV82WgC/UOwGyDV9YcPY=
  /lodash.isinteger/4.0.4:
    dev: false
    resolution:
      integrity: sha1-YZwK89A/iwTDH1iChAt3sRzWg0M=
  /lodash.isnumber/3.0.3:
    dev: false
    resolution:
      integrity: sha1-POdoEMWSjQM1IwGsKHMX8RwLH/w=
  /lodash.isplainobject/4.0.6:
    dev: false
    resolution:
      integrity: sha1-fFJqUtibRcRcxpC4gWO+BJf1UMs=
  /lodash.isstring/4.0.1:
    dev: false
    resolution:
      integrity: sha1-1SfftUVuynzJu5XV2ur4i6VKVFE=
  /lodash.once/4.1.1:
    dev: false
    resolution:
      integrity: sha1-DdOXEhPHxW34gJd9UEyI+0cal6w=
  /lru-cache/5.1.1:
    dependencies:
      yallist: 3.1.1
    dev: false
    resolution:
      integrity: sha512-KpNARQA3Iwv+jTA0utUVVbrh+Jlrr1Fv0e56GGzAFOXN7dk/FviaDW8LHmK52DlcH4WP2n6gI8vN1aesBFgo9w==
  /mime/2.4.4:
    dev: false
    engines:
      node: '>=4.0.0'
    hasBin: true
    resolution:
      integrity: sha512-LRxmNwziLPT828z+4YkNzloCFC2YM4wrB99k+AV5ZbEyfGNWfG8SO1FUXLmLDBSo89NrJZ4DIWeLjy1CHGhMGA==
  /ms/2.1.2:
    dev: false
    resolution:
      integrity: sha512-sGkPx+VjMtmA6MX27oA4FBFELFCZZ4S4XqeGOXCv68tT+jb3vk/RyaKWP0PTKyWtmLSM0b+adUTEvbs1PEaH2w==
  /node-fetch/2.6.0:
    dev: false
    engines:
      node: 4.x || >=6.0.0
    resolution:
      integrity: sha512-8dG4H5ujfvFiqDmVu9fQ5bOHUC15JMjMY/Zumv26oOvvVJjM67KF8koCWIabKQ1GJIa9r2mMZscBq/TbdOcmNA==
  /node-forge/0.9.1:
    dev: false
    engines:
      node: '>= 4.5.0'
    resolution:
      integrity: sha512-G6RlQt5Sb4GMBzXvhfkeFmbqR6MzhtnT7VTHuLadjkii3rdYHNdw0m8zA4BTxVIh68FicCQ2NSUANpsqkr9jvQ==
  /normalize-package-data/2.5.0:
    dependencies:
      hosted-git-info: 2.8.5
      resolve: 1.15.1
      semver: 5.7.1
      validate-npm-package-license: 3.0.4
    dev: false
    resolution:
      integrity: sha512-/5CMN3T0R4XTj4DcGaexo+roZSdSFW/0AOOTROrjxzCG1wrWXEsGbRKevjlIL+ZDE4sZlJr5ED4YW0yqmkK+eA==
  /nth-check/1.0.2:
    dependencies:
      boolbase: 1.0.0
    dev: false
    resolution:
      integrity: sha512-WeBOdju8SnzPN5vTUJYxYUxLeXpCaVP5i5e0LF8fg7WORF2Wd7wFX/pk0tYZk7s8T+J7VLy0Da6J1+wCT0AtHg==
  /parse-json/4.0.0:
    dependencies:
      error-ex: 1.3.2
      json-parse-better-errors: 1.0.2
    dev: false
    engines:
      node: '>=4'
    resolution:
      integrity: sha1-vjX1Qlvh9/bHRxhPmKeIy5lHfuA=
  /path-parse/1.0.6:
    dev: false
    resolution:
      integrity: sha512-GSmOT2EbHrINBf9SR7CDELwlJ8AENk3Qn7OikK4nFYAu3Ote2+JYNVvkpAEQm3/TLNEJFD/xZJjzyxg3KBWOzw==
  /pify/3.0.0:
    dev: false
    engines:
      node: '>=4'
    resolution:
      integrity: sha1-5aSs0sEB/fPZpNB/DbxNtJ3SgXY=
  /pretty-error/2.1.1:
    dependencies:
      renderkid: 2.0.3
      utila: 0.4.0
    dev: false
    resolution:
      integrity: sha1-X0+HyPkeWuPzuoerTPXgOxoX8aM=
  /project-version/1.2.0:
    dependencies:
      read-pkg: 4.0.1
    dev: false
    engines:
      node: '>=4'
    hasBin: true
    resolution:
      integrity: sha512-o94hj3Ld7/7jeFPZEPuZxsbpeOsPqZMXh5iYIDS7rjhjj4UcYHDlb4pYi43qjXMYM3LUcD6qJhQq9siEzg1KIA==
  /qs/6.9.1:
    dev: false
    engines:
      node: '>=0.6'
    resolution:
      integrity: sha512-Cxm7/SS/y/Z3MHWSxXb8lIFqgqBowP5JMlTUFyJN88y0SGQhVmZnqFK/PeuMX9LzUyWsqqhNxIyg0jlzq946yA==
  /read-pkg/4.0.1:
    dependencies:
      normalize-package-data: 2.5.0
      parse-json: 4.0.0
      pify: 3.0.0
    dev: false
    engines:
      node: '>=6'
    resolution:
      integrity: sha1-ljYlN48+HE1IyFhytabsfV0JMjc=
  /readable-stream/3.6.0:
    dependencies:
      inherits: 2.0.4
      string_decoder: 1.3.0
      util-deprecate: 1.0.2
    dev: false
    engines:
      node: '>= 6'
    resolution:
      integrity: sha512-BViHy7LKeTz4oNnkcLJ+lVSL6vpiFeX6/d3oSH8zCW7UxP2onchk+vTGB143xuFjHS3deTgkKoXXymXqymiIdA==
  /renderkid/2.0.3:
    dependencies:
      css-select: 1.2.0
      dom-converter: 0.2.0
      htmlparser2: 3.10.1
      strip-ansi: 3.0.1
      utila: 0.4.0
    dev: false
    resolution:
      integrity: sha512-z8CLQp7EZBPCwCnncgf9C4XAi3WR0dv+uWu/PjIyhhAb5d6IJ/QZqlHFprHeKT+59//V6BNUsLbvN8+2LarxGA==
  /resolve/1.15.1:
    dependencies:
      path-parse: 1.0.6
    dev: false
    resolution:
      integrity: sha512-84oo6ZTtoTUpjgNEr5SJyzQhzL72gaRodsSfyxC/AXRvwu0Yse9H8eF9IpGo7b8YetZhlI6v7ZQ6bKBFV/6S7w==
  /safe-buffer/5.2.0:
    dev: false
    resolution:
      integrity: sha512-fZEwUGbVl7kouZs1jCdMLdt95hdIv0ZeHg6L7qPeciMZhZ+/gdesW4wgTARkrFWEpspjEATAzUGPG8N2jJiwbg==
  /semver/5.7.1:
    dev: false
    hasBin: true
    resolution:
      integrity: sha512-sauaDf/PZdVgrLTNYHRtpXa1iRiKcaebiKQ1BJdpQlWH2lCvexQdX55snPFyK7QzpudqbCI0qXFfOasHdyNDGQ==
  /spdx-correct/3.1.0:
    dependencies:
      spdx-expression-parse: 3.0.0
      spdx-license-ids: 3.0.5
    dev: false
    resolution:
      integrity: sha512-lr2EZCctC2BNR7j7WzJ2FpDznxky1sjfxvvYEyzxNyb6lZXHODmEoJeFu4JupYlkfha1KZpJyoqiJ7pgA1qq8Q==
  /spdx-exceptions/2.2.0:
    dev: false
    resolution:
      integrity: sha512-2XQACfElKi9SlVb1CYadKDXvoajPgBVPn/gOQLrTvHdElaVhr7ZEbqJaRnJLVNeaI4cMEAgVCeBMKF6MWRDCRA==
  /spdx-expression-parse/3.0.0:
    dependencies:
      spdx-exceptions: 2.2.0
      spdx-license-ids: 3.0.5
    dev: false
    resolution:
      integrity: sha512-Yg6D3XpRD4kkOmTpdgbUiEJFKghJH03fiC1OPll5h/0sO6neh2jqRDVHOQ4o/LMea0tgCkbMgea5ip/e+MkWyg==
  /spdx-license-ids/3.0.5:
    dev: false
    resolution:
      integrity: sha512-J+FWzZoynJEXGphVIS+XEh3kFSjZX/1i9gFBaWQcB+/tmpe2qUsSBABpcxqxnAxFdiUFEgAX1bjYGQvIZmoz9Q==
  /string_decoder/1.3.0:
    dependencies:
      safe-buffer: 5.2.0
    dev: false
    resolution:
      integrity: sha512-hkRX8U1WjJFd8LsDJ2yQ/wWWxaopEsABU1XfkM8A+j0+85JAGppt16cr1Whg6KIbb4okU6Mql6BOj+uup/wKeA==
  /strip-ansi/3.0.1:
    dependencies:
      ansi-regex: 2.1.1
    dev: false
    engines:
      node: '>=0.10.0'
    resolution:
      integrity: sha1-ajhfuIU9lS1f8F0Oiq+UJ43GPc8=
  /ua-parser-js/0.7.21:
    dev: false
    resolution:
      integrity: sha512-+O8/qh/Qj8CgC6eYBVBykMrNtp5Gebn4dlGD/kKXVkJNDwyrAwSIqwz8CDf+tsAIWVycKcku6gIXJ0qwx/ZXaQ==
  /url-template/2.0.8:
    dev: false
    resolution:
      integrity: sha1-/FZaPMy/93MMd19WQflVV5FDnyE=
  /util-deprecate/1.0.2:
    dev: false
    resolution:
      integrity: sha1-RQ1Nyfpw3nMnYvvS1KKJgUGaDM8=
  /utila/0.4.0:
    dev: false
    resolution:
      integrity: sha1-ihagXURWV6Oupe7MWxKk+lN5dyw=
  /uuid/3.4.0:
    dev: false
    hasBin: true
    resolution:
      integrity: sha512-HjSDRw6gZE5JMggctHBcjVak08+KEVhSIiDzFnT9S9aegmp85S/bReBVTb4QTFaRNptJ9kuYaNhnbNEOkbKb/A==
  /validate-npm-package-license/3.0.4:
    dependencies:
      spdx-correct: 3.1.0
      spdx-expression-parse: 3.0.0
    dev: false
    resolution:
      integrity: sha512-DpKm2Ui/xN7/HQKCtpZxoRWBhZ9Z0kqtygG8XCgNQ8ZlDnxuQmWhj566j8fN4Cu3/JmbhsDo7fcAJq4s9h27Ew==
  /yallist/3.1.1:
    dev: false
    resolution:
      integrity: sha512-a4UGQaWPH59mOXUYnAG2ewncQS4i4F43Tv3JoAM+s2VDAmS9NsK8GpDMLrCHPksFT7h3K6TOoUNn2pb7RoXx4g==
specifiers:
  bcryptjs: ^2.4.3
  cookie: ^0.4.0
  debug: ^4.1.1
  google-auth-library: ^5.9.2
  googleapis: ^47.0.0
  jsonwebtoken: ^8.5.1
  pretty-error: ^2.1.1
  project-version: ^1.2.0
  ua-parser-js: ^0.7.21
  uuid: ^3.4.0
