dependencies:
  backoff-rxjs: 6.3.3_rxjs@6.5.5
  debug: 4.1.1
  dgraph-js: 20.3.0
  grpc: 1.24.2
  rxjs: 6.5.5
lockfileVersion: 5.1
packages:
  /@types/bytebuffer/5.0.40:
    dependencies:
      '@types/long': 4.0.1
      '@types/node': 13.9.3
    dev: false
    resolution:
      integrity: sha512-h48dyzZrPMz25K6Q4+NCwWaxwXany2FhQg/ErOcdZS1ZpsaDnDMZg8JYLMTGz7uvXKrcKGJUZJlZObyfgdaN9g==
  /@types/long/4.0.1:
    dev: false
    resolution:
      integrity: sha512-5tXH6Bx/kNGd3MgffdmP4dy2Z+G4eaXw0SE81Tq3BNadtnMR5/ySMzX4SLEzHJzSmPNn4HIdpQsBvXMUykr58w==
  /@types/node/13.9.3:
    dev: false
    resolution:
      integrity: sha512-01s+ac4qerwd6RHD+mVbOEsraDHSgUaefQlEdBbUolnQFjKwCr7luvAlEwW1RFojh67u0z4OUTjPn9LEl4zIkA==
  /ansi-regex/2.1.1:
    dev: false
    engines:
      node: '>=0.10.0'
    resolution:
      integrity: sha1-w7M6te42DYbg5ijwRorn7yfWVN8=
  /ascli/1.0.1:
    dependencies:
      colour: 0.7.1
      optjs: 3.2.2
    dev: false
    resolution:
      integrity: sha1-vPpZdKYvGOgcq660lzKrSoj5Brw=
  /backoff-rxjs/6.3.3_rxjs@6.5.5:
    dependencies:
      rxjs: 6.5.5
    dev: false
    peerDependencies:
      rxjs: ^6.4.0
    resolution:
      integrity: sha512-+NfPlA9GYB+6gFk7wDTsUMUecqHLmikt/yfUmddPPUNT9DzmU/p31CTsZT4b3S2g46q87fP34gwPJsZ66Eyedg==
  /balanced-match/1.0.0:
    dev: false
    resolution:
      integrity: sha1-ibTRmasr7kneFk6gK4nORi1xt2c=
  /brace-expansion/1.1.11:
    dependencies:
      balanced-match: 1.0.0
      concat-map: 0.0.1
    dev: false
    resolution:
      integrity: sha512-iCuPHDFgrHX7H2vEI/5xpz07zSHB00TpugqhmYtVmMO6518mCuRMoOYFldEBl0g187ufozdaHgWKcYFb61qGiA==
  /bytebuffer/5.0.1:
    dependencies:
      long: 3.2.0
    dev: false
    engines:
      node: '>=0.8'
    resolution:
      integrity: sha1-WC7qSxqHO20CCkjVjfhfC7ps/d0=
  /camelcase/2.1.1:
    dev: false
    engines:
      node: '>=0.10.0'
    resolution:
      integrity: sha1-fB0W1nmhu+WcoCys7PsBHiAfWh8=
  /cliui/3.2.0:
    dependencies:
      string-width: 1.0.2
      strip-ansi: 3.0.1
      wrap-ansi: 2.1.0
    dev: false
    resolution:
      integrity: sha1-EgYBU3qRbSmUD5NNo7SNWFo5IT0=
  /code-point-at/1.1.0:
    dev: false
    engines:
      node: '>=0.10.0'
    resolution:
      integrity: sha1-DQcLTQQ6W+ozovGkDi7bPZpMz3c=
  /colour/0.7.1:
    dev: false
    engines:
      node: '>=0.8'
    resolution:
      integrity: sha1-nLFpkX7F0SwHNtPoaFdG3xyt93g=
  /concat-map/0.0.1:
    dev: false
    resolution:
      integrity: sha1-2Klr13/Wjfd5OnMDajug1UBdR3s=
  /debug/4.1.1:
    dependencies:
      ms: 2.1.2
    dev: false
    resolution:
      integrity: sha512-pYAIzeRo8J6KPEaJ0VWOh5Pzkbw/RetuzehGM7QRRX5he4fPHx2rdKMB256ehJCkX+XRQm16eZLqLNS8RSZXZw==
  /decamelize/1.2.0:
    dev: false
    engines:
      node: '>=0.10.0'
    resolution:
      integrity: sha1-9lNNFRSCabIDUue+4m9QH5oZEpA=
  /dgraph-js/20.3.0:
    dependencies:
      google-protobuf: 3.11.4
      grpc: 1.24.2
      is-base64: 0.1.0
    dev: false
    resolution:
      integrity: sha512-OKCKLG469J5iZhJSgUdgIVPbDnKxs5vKLpd/819Q8jPL+syT+O4h4gQPEesO6fJ3tAqCL1AZjJKnBV8cWRe3Nw==
  /fs.realpath/1.0.0:
    dev: false
    resolution:
      integrity: sha1-FQStJSMVjKpA20onh8sBQRmU6k8=
  /glob/7.1.6:
    dependencies:
      fs.realpath: 1.0.0
      inflight: 1.0.6
      inherits: 2.0.4
      minimatch: 3.0.4
      once: 1.4.0
      path-is-absolute: 1.0.1
    dev: false
    resolution:
      integrity: sha512-LwaxwyZ72Lk7vZINtNNrywX0ZuLyStrdDtabefZKAY5ZGJhVtgdznluResxNmPitE0SAO+O26sWTHeKSI2wMBA==
  /google-protobuf/3.11.4:
    dev: false
    resolution:
      integrity: sha512-lL6b04rDirurUBOgsY2+LalI6Evq8eH5TcNzi7TYQ3BsIWelT0KSOQSBsXuavEkNf+odQU6c0lgz3UsZXeNX9Q==
  /grpc/1.24.2:
    bundledDependencies:
      - node-pre-gyp
    dependencies:
      '@types/bytebuffer': 5.0.40
      lodash.camelcase: 4.3.0
      lodash.clone: 4.5.0
      nan: 2.14.0
      protobufjs: 5.0.3
    dev: false
    engines:
      node: '>=4'
    requiresBuild: true
    resolution:
      integrity: sha512-EG3WH6AWMVvAiV15d+lr+K77HJ/KV/3FvMpjKjulXHbTwgDZkhkcWbwhxFAoTdxTkQvy0WFcO3Nog50QBbHZWw==
  /inflight/1.0.6:
    dependencies:
      once: 1.4.0
      wrappy: 1.0.2
    dev: false
    resolution:
      integrity: sha1-Sb1jMdfQLQwJvJEKEHW6gWW1bfk=
  /inherits/2.0.4:
    dev: false
    resolution:
      integrity: sha512-k/vGaX4/Yla3WzyMCvTQOXYeIHvqOKtnqBduzTHpzpQZzAskKMhZ2K+EnBiSM9zGSoIFeMpXKxa4dYeZIQqewQ==
  /invert-kv/1.0.0:
    dev: false
    engines:
      node: '>=0.10.0'
    resolution:
      integrity: sha1-EEqOSqym09jNFXqO+L+rLXo//bY=
  /is-base64/0.1.0:
    dev: false
    resolution:
      integrity: sha512-WRRyllsGXJM7ZN7gPTCCQ/6wNPTRDwiWdPK66l5sJzcU/oOzcIcRRf0Rux8bkpox/1yjt0F6VJRsQOIG2qz5sg==
  /is-fullwidth-code-point/1.0.0:
    dependencies:
      number-is-nan: 1.0.1
    dev: false
    engines:
      node: '>=0.10.0'
    resolution:
      integrity: sha1-754xOG8DGn8NZDr4L95QxFfvAMs=
  /lcid/1.0.0:
    dependencies:
      invert-kv: 1.0.0
    dev: false
    engines:
      node: '>=0.10.0'
    resolution:
      integrity: sha1-MIrMr6C8SDo4Z7S28rlQYlHRuDU=
  /lodash.camelcase/4.3.0:
    dev: false
    resolution:
      integrity: sha1-soqmKIorn8ZRA1x3EfZathkDMaY=
  /lodash.clone/4.5.0:
    dev: false
    resolution:
      integrity: sha1-GVhwRQ9aExkkeN9Lw9I9LeoZB7Y=
  /long/3.2.0:
    dev: false
    engines:
      node: '>=0.6'
    resolution:
      integrity: sha1-2CG3E4yhy1gcFymQ7xTbIAtcR0s=
  /minimatch/3.0.4:
    dependencies:
      brace-expansion: 1.1.11
    dev: false
    resolution:
      integrity: sha512-yJHVQEhyqPLUTgt9B83PXu6W3rx4MvvHvSUvToogpwoGDOUQ+yDrR0HRot+yOCdCO7u4hX3pWft6kWBBcqh0UA==
  /ms/2.1.2:
    dev: false
    resolution:
      integrity: sha512-sGkPx+VjMtmA6MX27oA4FBFELFCZZ4S4XqeGOXCv68tT+jb3vk/RyaKWP0PTKyWtmLSM0b+adUTEvbs1PEaH2w==
  /nan/2.14.0:
    dev: false
    resolution:
      integrity: sha512-INOFj37C7k3AfaNTtX8RhsTw7qRy7eLET14cROi9+5HAVbbHuIWUHEauBv5qT4Av2tWasiTY1Jw6puUNqRJXQg==
  /number-is-nan/1.0.1:
    dev: false
    engines:
      node: '>=0.10.0'
    resolution:
      integrity: sha1-CXtgK1NCKlIsGvuHkDGDNpQaAR0=
  /once/1.4.0:
    dependencies:
      wrappy: 1.0.2
    dev: false
    resolution:
      integrity: sha1-WDsap3WWHUsROsF9nFC6753Xa9E=
  /optjs/3.2.2:
    dev: false
    resolution:
      integrity: sha1-aabOicRCpEQDFBrS+bNwvVu29O4=
  /os-locale/1.4.0:
    dependencies:
      lcid: 1.0.0
    dev: false
    engines:
      node: '>=0.10.0'
    resolution:
      integrity: sha1-IPnxeuKe00XoveWDsT0gCYA8FNk=
  /path-is-absolute/1.0.1:
    dev: false
    engines:
      node: '>=0.10.0'
    resolution:
      integrity: sha1-F0uSaHNVNP+8es5r9TpanhtcX18=
  /protobufjs/5.0.3:
    dependencies:
      ascli: 1.0.1
      bytebuffer: 5.0.1
      glob: 7.1.6
      yargs: 3.32.0
    dev: false
    engines:
      node: '>=0.8'
    hasBin: true
    resolution:
      integrity: sha512-55Kcx1MhPZX0zTbVosMQEO5R6/rikNXd9b6RQK4KSPcrSIIwoXTtebIczUrXlwaSrbz4x8XUVThGPob1n8I4QA==
  /rxjs/6.5.5:
    dependencies:
      tslib: 1.11.1
    dev: false
    engines:
      npm: '>=2.0.0'
    resolution:
      integrity: sha512-WfQI+1gohdf0Dai/Bbmk5L5ItH5tYqm3ki2c5GdWhKjalzjg93N3avFjVStyZZz+A2Em+ZxKH5bNghw9UeylGQ==
  /string-width/1.0.2:
    dependencies:
      code-point-at: 1.1.0
      is-fullwidth-code-point: 1.0.0
      strip-ansi: 3.0.1
    dev: false
    engines:
      node: '>=0.10.0'
    resolution:
      integrity: sha1-EYvfW4zcUaKn5w0hHgfisLmxB9M=
  /strip-ansi/3.0.1:
    dependencies:
      ansi-regex: 2.1.1
    dev: false
    engines:
      node: '>=0.10.0'
    resolution:
      integrity: sha1-ajhfuIU9lS1f8F0Oiq+UJ43GPc8=
  /tslib/1.11.1:
    dev: false
    resolution:
      integrity: sha512-aZW88SY8kQbU7gpV19lN24LtXh/yD4ZZg6qieAJDDg+YBsJcSmLGK9QpnUjAKVG/xefmvJGd1WUmfpT/g6AJGA==
  /window-size/0.1.4:
    dev: false
    engines:
      node: '>= 0.10.0'
    hasBin: true
    resolution:
      integrity: sha1-+OGqHuWlPsW/FR/6CXQqatdpeHY=
  /wrap-ansi/2.1.0:
    dependencies:
      string-width: 1.0.2
      strip-ansi: 3.0.1
    dev: false
    engines:
      node: '>=0.10.0'
    resolution:
      integrity: sha1-2Pw9KE3QV5T+hJc8rs3Rz4JP3YU=
  /wrappy/1.0.2:
    dev: false
    resolution:
      integrity: sha1-tSQ9jz7BqjXxNkYFvA0QNuMKtp8=
  /y18n/3.2.1:
    dev: false
    resolution:
      integrity: sha1-bRX7qITAhnnA136I53WegR4H+kE=
  /yargs/3.32.0:
    dependencies:
      camelcase: 2.1.1
      cliui: 3.2.0
      decamelize: 1.2.0
      os-locale: 1.4.0
      string-width: 1.0.2
      window-size: 0.1.4
      y18n: 3.2.1
    dev: false
    resolution:
      integrity: sha1-AwiOnr+edWtpdRYR0qXvWRSCyZU=
specifiers:
  backoff-rxjs: ^6.3.3
  debug: ^4.1.1
  dgraph-js: ^20.3.0
  grpc: ^1.24.2
  rxjs: ^6.5.5
